// !$*UTF8*$!
{
	archiveVersion = 1;
	classes = {
	};
	objectVersion = 48;
	objects = {

/* Begin PBXBuildFile section */
		9F438B5F1FAC1ABF0080BD69 /* AppDelegate.m in Sources */ = {isa = PBXBuildFile; fileRef = 9F438B5E1FAC1ABF0080BD69 /* AppDelegate.m */; };
		9F438B621FAC1ABF0080BD69 /* ViewController.m in Sources */ = {isa = PBXBuildFile; fileRef = 9F438B611FAC1ABF0080BD69 /* ViewController.m */; };
		9F438B651FAC1ABF0080BD69 /* Main.storyboard in Resources */ = {isa = PBXBuildFile; fileRef = 9F438B631FAC1ABF0080BD69 /* Main.storyboard */; };
		9F438B681FAC1ABF0080BD69 /* SHCategoryExample.xcdatamodeld in Sources */ = {isa = PBXBuildFile; fileRef = 9F438B661FAC1ABF0080BD69 /* SHCategoryExample.xcdatamodeld */; };
		9F438B6A1FAC1ABF0080BD69 /* Assets.xcassets in Resources */ = {isa = PBXBuildFile; fileRef = 9F438B691FAC1ABF0080BD69 /* Assets.xcassets */; };
		9F438B6D1FAC1ABF0080BD69 /* LaunchScreen.storyboard in Resources */ = {isa = PBXBuildFile; fileRef = 9F438B6B1FAC1ABF0080BD69 /* LaunchScreen.storyboard */; };
		9F438B701FAC1ABF0080BD69 /* main.m in Sources */ = {isa = PBXBuildFile; fileRef = 9F438B6F1FAC1ABF0080BD69 /* main.m */; };
		9F438B7A1FAC1ABF0080BD69 /* SHCategoryExampleTests.m in Sources */ = {isa = PBXBuildFile; fileRef = 9F438B791FAC1ABF0080BD69 /* SHCategoryExampleTests.m */; };
		9F438B851FAC1ABF0080BD69 /* SHCategoryExampleUITests.m in Sources */ = {isa = PBXBuildFile; fileRef = 9F438B841FAC1ABF0080BD69 /* SHCategoryExampleUITests.m */; };
		9FAD1A8E1FB03A0600EE1147 /* NetworkRequest.m in Sources */ = {isa = PBXBuildFile; fileRef = 9FAD1A8D1FB03A0600EE1147 /* NetworkRequest.m */; };
		9FAD1AB01FB0490D00EE1147 /* Obj-Json.m in Sources */ = {isa = PBXBuildFile; fileRef = 9FAD1AA61FB041D700EE1147 /* Obj-Json.m */; };
		9FAD1AB31FB0493600EE1147 /* AFHTTPRequestOperation.m in Sources */ = {isa = PBXBuildFile; fileRef = 9FAD1A921FB03BF500EE1147 /* AFHTTPRequestOperation.m */; };
		9FAD1AB41FB0493600EE1147 /* AFHTTPRequestOperationManager.m in Sources */ = {isa = PBXBuildFile; fileRef = 9FAD1A941FB03BF500EE1147 /* AFHTTPRequestOperationManager.m */; };
		9FAD1AB51FB0493600EE1147 /* AFHTTPSessionManager.m in Sources */ = {isa = PBXBuildFile; fileRef = 9FAD1A961FB03BF500EE1147 /* AFHTTPSessionManager.m */; };
		9FAD1AB61FB0493600EE1147 /* AFNetworkReachabilityManager.m in Sources */ = {isa = PBXBuildFile; fileRef = 9FAD1A991FB03BF500EE1147 /* AFNetworkReachabilityManager.m */; };
		9FAD1AB71FB0493600EE1147 /* AFSecurityPolicy.m in Sources */ = {isa = PBXBuildFile; fileRef = 9FAD1A9B1FB03BF500EE1147 /* AFSecurityPolicy.m */; };
		9FAD1AB81FB0493600EE1147 /* AFURLConnectionOperation.m in Sources */ = {isa = PBXBuildFile; fileRef = 9FAD1A9D1FB03BF500EE1147 /* AFURLConnectionOperation.m */; };
		9FAD1AB91FB0493600EE1147 /* AFURLRequestSerialization.m in Sources */ = {isa = PBXBuildFile; fileRef = 9FAD1A9F1FB03BF500EE1147 /* AFURLRequestSerialization.m */; };
		9FAD1ABA1FB0493600EE1147 /* AFURLResponseSerialization.m in Sources */ = {isa = PBXBuildFile; fileRef = 9FAD1AA11FB03BF500EE1147 /* AFURLResponseSerialization.m */; };
		9FAD1ABB1FB0493600EE1147 /* AFURLSessionManager.m in Sources */ = {isa = PBXBuildFile; fileRef = 9FAD1AA31FB03BF500EE1147 /* AFURLSessionManager.m */; };
		9FAD1AC61FB04C2000EE1147 /* SVIndefiniteAnimatedView.m in Sources */ = {isa = PBXBuildFile; fileRef = 9FAD1ABE1FB04BF900EE1147 /* SVIndefiniteAnimatedView.m */; };
		9FAD1AC71FB04C2000EE1147 /* SVProgressAnimatedView.m in Sources */ = {isa = PBXBuildFile; fileRef = 9FAD1AC01FB04BF900EE1147 /* SVProgressAnimatedView.m */; };
		9FAD1AC81FB04C2000EE1147 /* SVProgressHUD.m in Sources */ = {isa = PBXBuildFile; fileRef = 9FAD1AC31FB04BF900EE1147 /* SVProgressHUD.m */; };
		9FAD1AC91FB04C2000EE1147 /* SVRadialGradientLayer.m in Sources */ = {isa = PBXBuildFile; fileRef = 9FAD1AC51FB04BF900EE1147 /* SVRadialGradientLayer.m */; };
		9FAD1ACB1FB04C3200EE1147 /* SVProgressHUD.bundle in Frameworks */ = {isa = PBXBuildFile; fileRef = 9FAD1AC11FB04BF900EE1147 /* SVProgressHUD.bundle */; };
/* End PBXBuildFile section */

/* Begin PBXContainerItemProxy section */
		9F438B761FAC1ABF0080BD69 /* PBXContainerItemProxy */ = {
			isa = PBXContainerItemProxy;
			containerPortal = 9F438B521FAC1ABE0080BD69 /* Project object */;
			proxyType = 1;
			remoteGlobalIDString = 9F438B591FAC1ABF0080BD69;
			remoteInfo = SHCategoryExample;
		};
		9F438B811FAC1ABF0080BD69 /* PBXContainerItemProxy */ = {
			isa = PBXContainerItemProxy;
			containerPortal = 9F438B521FAC1ABE0080BD69 /* Project object */;
			proxyType = 1;
			remoteGlobalIDString = 9F438B591FAC1ABF0080BD69;
			remoteInfo = SHCategoryExample;
		};
/* End PBXContainerItemProxy section */

/* Begin PBXFileReference section */
		9F438B5A1FAC1ABF0080BD69 /* SHCategoryExample.app */ = {isa = PBXFileReference; explicitFileType = wrapper.application; includeInIndex = 0; path = SHCategoryExample.app; sourceTree = BUILT_PRODUCTS_DIR; };
		9F438B5D1FAC1ABF0080BD69 /* AppDelegate.h */ = {isa = PBXFileReference; lastKnownFileType = sourcecode.c.h; path = AppDelegate.h; sourceTree = "<group>"; };
		9F438B5E1FAC1ABF0080BD69 /* AppDelegate.m */ = {isa = PBXFileReference; lastKnownFileType = sourcecode.c.objc; path = AppDelegate.m; sourceTree = "<group>"; };
		9F438B601FAC1ABF0080BD69 /* ViewController.h */ = {isa = PBXFileReference; lastKnownFileType = sourcecode.c.h; path = ViewController.h; sourceTree = "<group>"; };
		9F438B611FAC1ABF0080BD69 /* ViewController.m */ = {isa = PBXFileReference; lastKnownFileType = sourcecode.c.objc; path = ViewController.m; sourceTree = "<group>"; };
		9F438B641FAC1ABF0080BD69 /* Base */ = {isa = PBXFileReference; lastKnownFileType = file.storyboard; name = Base; path = Base.lproj/Main.storyboard; sourceTree = "<group>"; };
		9F438B671FAC1ABF0080BD69 /* SHCategoryExample.xcdatamodel */ = {isa = PBXFileReference; lastKnownFileType = wrapper.xcdatamodel; path = SHCategoryExample.xcdatamodel; sourceTree = "<group>"; };
		9F438B691FAC1ABF0080BD69 /* Assets.xcassets */ = {isa = PBXFileReference; lastKnownFileType = folder.assetcatalog; path = Assets.xcassets; sourceTree = "<group>"; };
		9F438B6C1FAC1ABF0080BD69 /* Base */ = {isa = PBXFileReference; lastKnownFileType = file.storyboard; name = Base; path = Base.lproj/LaunchScreen.storyboard; sourceTree = "<group>"; };
		9F438B6E1FAC1ABF0080BD69 /* Info.plist */ = {isa = PBXFileReference; lastKnownFileType = text.plist.xml; path = Info.plist; sourceTree = "<group>"; };
		9F438B6F1FAC1ABF0080BD69 /* main.m */ = {isa = PBXFileReference; lastKnownFileType = sourcecode.c.objc; path = main.m; sourceTree = "<group>"; };
		9F438B751FAC1ABF0080BD69 /* SHCategoryExampleTests.xctest */ = {isa = PBXFileReference; explicitFileType = wrapper.cfbundle; includeInIndex = 0; path = SHCategoryExampleTests.xctest; sourceTree = BUILT_PRODUCTS_DIR; };
		9F438B791FAC1ABF0080BD69 /* SHCategoryExampleTests.m */ = {isa = PBXFileReference; lastKnownFileType = sourcecode.c.objc; path = SHCategoryExampleTests.m; sourceTree = "<group>"; };
		9F438B7B1FAC1ABF0080BD69 /* Info.plist */ = {isa = PBXFileReference; lastKnownFileType = text.plist.xml; path = Info.plist; sourceTree = "<group>"; };
		9F438B801FAC1ABF0080BD69 /* SHCategoryExampleUITests.xctest */ = {isa = PBXFileReference; explicitFileType = wrapper.cfbundle; includeInIndex = 0; path = SHCategoryExampleUITests.xctest; sourceTree = BUILT_PRODUCTS_DIR; };
		9F438B841FAC1ABF0080BD69 /* SHCategoryExampleUITests.m */ = {isa = PBXFileReference; lastKnownFileType = sourcecode.c.objc; path = SHCategoryExampleUITests.m; sourceTree = "<group>"; };
		9F438B861FAC1ABF0080BD69 /* Info.plist */ = {isa = PBXFileReference; lastKnownFileType = text.plist.xml; path = Info.plist; sourceTree = "<group>"; };
		9F438B991FAC1C100080BD69 /* Log.h */ = {isa = PBXFileReference; lastKnownFileType = sourcecode.c.h; path = Log.h; sourceTree = "<group>"; };
		9F438B9A1FAC1C100080BD69 /* SHCategory.h */ = {isa = PBXFileReference; lastKnownFileType = sourcecode.c.h; path = SHCategory.h; sourceTree = "<group>"; };
		9FAD1A851FB0345800EE1147 /* AppConstant.h */ = {isa = PBXFileReference; lastKnownFileType = sourcecode.c.h; path = AppConstant.h; sourceTree = "<group>"; };
		9FAD1A8C1FB03A0600EE1147 /* NetworkRequest.h */ = {isa = PBXFileReference; lastKnownFileType = sourcecode.c.h; path = NetworkRequest.h; sourceTree = "<group>"; };
		9FAD1A8D1FB03A0600EE1147 /* NetworkRequest.m */ = {isa = PBXFileReference; lastKnownFileType = sourcecode.c.objc; path = NetworkRequest.m; sourceTree = "<group>"; };
		9FAD1A911FB03BF500EE1147 /* AFHTTPRequestOperation.h */ = {isa = PBXFileReference; lastKnownFileType = sourcecode.c.h; path = AFHTTPRequestOperation.h; sourceTree = "<group>"; };
		9FAD1A921FB03BF500EE1147 /* AFHTTPRequestOperation.m */ = {isa = PBXFileReference; lastKnownFileType = sourcecode.c.objc; path = AFHTTPRequestOperation.m; sourceTree = "<group>"; };
		9FAD1A931FB03BF500EE1147 /* AFHTTPRequestOperationManager.h */ = {isa = PBXFileReference; lastKnownFileType = sourcecode.c.h; path = AFHTTPRequestOperationManager.h; sourceTree = "<group>"; };
		9FAD1A941FB03BF500EE1147 /* AFHTTPRequestOperationManager.m */ = {isa = PBXFileReference; lastKnownFileType = sourcecode.c.objc; path = AFHTTPRequestOperationManager.m; sourceTree = "<group>"; };
		9FAD1A951FB03BF500EE1147 /* AFHTTPSessionManager.h */ = {isa = PBXFileReference; lastKnownFileType = sourcecode.c.h; path = AFHTTPSessionManager.h; sourceTree = "<group>"; };
		9FAD1A961FB03BF500EE1147 /* AFHTTPSessionManager.m */ = {isa = PBXFileReference; lastKnownFileType = sourcecode.c.objc; path = AFHTTPSessionManager.m; sourceTree = "<group>"; };
		9FAD1A971FB03BF500EE1147 /* AFNetworking.h */ = {isa = PBXFileReference; lastKnownFileType = sourcecode.c.h; path = AFNetworking.h; sourceTree = "<group>"; };
		9FAD1A981FB03BF500EE1147 /* AFNetworkReachabilityManager.h */ = {isa = PBXFileReference; lastKnownFileType = sourcecode.c.h; path = AFNetworkReachabilityManager.h; sourceTree = "<group>"; };
		9FAD1A991FB03BF500EE1147 /* AFNetworkReachabilityManager.m */ = {isa = PBXFileReference; lastKnownFileType = sourcecode.c.objc; path = AFNetworkReachabilityManager.m; sourceTree = "<group>"; };
		9FAD1A9A1FB03BF500EE1147 /* AFSecurityPolicy.h */ = {isa = PBXFileReference; lastKnownFileType = sourcecode.c.h; path = AFSecurityPolicy.h; sourceTree = "<group>"; };
		9FAD1A9B1FB03BF500EE1147 /* AFSecurityPolicy.m */ = {isa = PBXFileReference; lastKnownFileType = sourcecode.c.objc; path = AFSecurityPolicy.m; sourceTree = "<group>"; };
		9FAD1A9C1FB03BF500EE1147 /* AFURLConnectionOperation.h */ = {isa = PBXFileReference; lastKnownFileType = sourcecode.c.h; path = AFURLConnectionOperation.h; sourceTree = "<group>"; };
		9FAD1A9D1FB03BF500EE1147 /* AFURLConnectionOperation.m */ = {isa = PBXFileReference; lastKnownFileType = sourcecode.c.objc; path = AFURLConnectionOperation.m; sourceTree = "<group>"; };
		9FAD1A9E1FB03BF500EE1147 /* AFURLRequestSerialization.h */ = {isa = PBXFileReference; lastKnownFileType = sourcecode.c.h; path = AFURLRequestSerialization.h; sourceTree = "<group>"; };
		9FAD1A9F1FB03BF500EE1147 /* AFURLRequestSerialization.m */ = {isa = PBXFileReference; lastKnownFileType = sourcecode.c.objc; path = AFURLRequestSerialization.m; sourceTree = "<group>"; };
		9FAD1AA01FB03BF500EE1147 /* AFURLResponseSerialization.h */ = {isa = PBXFileReference; lastKnownFileType = sourcecode.c.h; path = AFURLResponseSerialization.h; sourceTree = "<group>"; };
		9FAD1AA11FB03BF500EE1147 /* AFURLResponseSerialization.m */ = {isa = PBXFileReference; lastKnownFileType = sourcecode.c.objc; path = AFURLResponseSerialization.m; sourceTree = "<group>"; };
		9FAD1AA21FB03BF500EE1147 /* AFURLSessionManager.h */ = {isa = PBXFileReference; lastKnownFileType = sourcecode.c.h; path = AFURLSessionManager.h; sourceTree = "<group>"; };
		9FAD1AA31FB03BF500EE1147 /* AFURLSessionManager.m */ = {isa = PBXFileReference; lastKnownFileType = sourcecode.c.objc; path = AFURLSessionManager.m; sourceTree = "<group>"; };
		9FAD1AA51FB041D700EE1147 /* Obj-Json.h */ = {isa = PBXFileReference; lastKnownFileType = sourcecode.c.h; path = "Obj-Json.h"; sourceTree = "<group>"; };
		9FAD1AA61FB041D700EE1147 /* Obj-Json.m */ = {isa = PBXFileReference; lastKnownFileType = sourcecode.c.objc; path = "Obj-Json.m"; sourceTree = "<group>"; };
		9FAD1ABD1FB04BF900EE1147 /* SVIndefiniteAnimatedView.h */ = {isa = PBXFileReference; lastKnownFileType = sourcecode.c.h; path = SVIndefiniteAnimatedView.h; sourceTree = "<group>"; };
		9FAD1ABE1FB04BF900EE1147 /* SVIndefiniteAnimatedView.m */ = {isa = PBXFileReference; lastKnownFileType = sourcecode.c.objc; path = SVIndefiniteAnimatedView.m; sourceTree = "<group>"; };
		9FAD1ABF1FB04BF900EE1147 /* SVProgressAnimatedView.h */ = {isa = PBXFileReference; lastKnownFileType = sourcecode.c.h; path = SVProgressAnimatedView.h; sourceTree = "<group>"; };
		9FAD1AC01FB04BF900EE1147 /* SVProgressAnimatedView.m */ = {isa = PBXFileReference; lastKnownFileType = sourcecode.c.objc; path = SVProgressAnimatedView.m; sourceTree = "<group>"; };
		9FAD1AC11FB04BF900EE1147 /* SVProgressHUD.bundle */ = {isa = PBXFileReference; lastKnownFileType = "wrapper.plug-in"; path = SVProgressHUD.bundle; sourceTree = "<group>"; };
		9FAD1AC21FB04BF900EE1147 /* SVProgressHUD.h */ = {isa = PBXFileReference; lastKnownFileType = sourcecode.c.h; path = SVProgressHUD.h; sourceTree = "<group>"; };
		9FAD1AC31FB04BF900EE1147 /* SVProgressHUD.m */ = {isa = PBXFileReference; lastKnownFileType = sourcecode.c.objc; path = SVProgressHUD.m; sourceTree = "<group>"; };
		9FAD1AC41FB04BF900EE1147 /* SVRadialGradientLayer.h */ = {isa = PBXFileReference; lastKnownFileType = sourcecode.c.h; path = SVRadialGradientLayer.h; sourceTree = "<group>"; };
		9FAD1AC51FB04BF900EE1147 /* SVRadialGradientLayer.m */ = {isa = PBXFileReference; lastKnownFileType = sourcecode.c.objc; path = SVRadialGradientLayer.m; sourceTree = "<group>"; };
		9FAD1ACC1FB04F2800EE1147 /* DataConstant.h */ = {isa = PBXFileReference; lastKnownFileType = sourcecode.c.h; path = DataConstant.h; sourceTree = "<group>"; };
/* End PBXFileReference section */

/* Begin PBXFrameworksBuildPhase section */
		9F438B571FAC1ABF0080BD69 /* Frameworks */ = {
			isa = PBXFrameworksBuildPhase;
			buildActionMask = 2147483647;
			files = (
				9FAD1ACB1FB04C3200EE1147 /* SVProgressHUD.bundle in Frameworks */,
			);
			runOnlyForDeploymentPostprocessing = 0;
		};
		9F438B721FAC1ABF0080BD69 /* Frameworks */ = {
			isa = PBXFrameworksBuildPhase;
			buildActionMask = 2147483647;
			files = (
			);
			runOnlyForDeploymentPostprocessing = 0;
		};
		9F438B7D1FAC1ABF0080BD69 /* Frameworks */ = {
			isa = PBXFrameworksBuildPhase;
			buildActionMask = 2147483647;
			files = (
			);
			runOnlyForDeploymentPostprocessing = 0;
		};
/* End PBXFrameworksBuildPhase section */

/* Begin PBXGroup section */
		9F3C8FC91FB051D600C96F71 /* Base */ = {
			isa = PBXGroup;
			children = (
			);
			path = Base;
			sourceTree = "<group>";
		};
		9F438B511FAC1ABE0080BD69 = {
			isa = PBXGroup;
			children = (
				9F438B5C1FAC1ABF0080BD69 /* SHCategoryExample */,
				9F438B781FAC1ABF0080BD69 /* SHCategoryExampleTests */,
				9F438B831FAC1ABF0080BD69 /* SHCategoryExampleUITests */,
				9F438B5B1FAC1ABF0080BD69 /* Products */,
				9FAD1ACA1FB04C3200EE1147 /* Frameworks */,
			);
			sourceTree = "<group>";
		};
		9F438B5B1FAC1ABF0080BD69 /* Products */ = {
			isa = PBXGroup;
			children = (
				9F438B5A1FAC1ABF0080BD69 /* SHCategoryExample.app */,
				9F438B751FAC1ABF0080BD69 /* SHCategoryExampleTests.xctest */,
				9F438B801FAC1ABF0080BD69 /* SHCategoryExampleUITests.xctest */,
			);
			name = Products;
			sourceTree = "<group>";
		};
		9F438B5C1FAC1ABF0080BD69 /* SHCategoryExample */ = {
			isa = PBXGroup;
			children = (
				9F438B971FAC1C100080BD69 /* SHCategory */,
				9F438B5D1FAC1ABF0080BD69 /* AppDelegate.h */,
				9F438B5E1FAC1ABF0080BD69 /* AppDelegate.m */,
				9F438B601FAC1ABF0080BD69 /* ViewController.h */,
				9F438B611FAC1ABF0080BD69 /* ViewController.m */,
				9FAD1A8F1FB03BEC00EE1147 /* Third */,
				9F438B631FAC1ABF0080BD69 /* Main.storyboard */,
				9F438B691FAC1ABF0080BD69 /* Assets.xcassets */,
				9F438B6B1FAC1ABF0080BD69 /* LaunchScreen.storyboard */,
				9F438B6E1FAC1ABF0080BD69 /* Info.plist */,
				9F438B6F1FAC1ABF0080BD69 /* main.m */,
				9F438B661FAC1ABF0080BD69 /* SHCategoryExample.xcdatamodeld */,
			);
			path = SHCategoryExample;
			sourceTree = "<group>";
		};
		9F438B781FAC1ABF0080BD69 /* SHCategoryExampleTests */ = {
			isa = PBXGroup;
			children = (
				9F438B791FAC1ABF0080BD69 /* SHCategoryExampleTests.m */,
				9F438B7B1FAC1ABF0080BD69 /* Info.plist */,
			);
			path = SHCategoryExampleTests;
			sourceTree = "<group>";
		};
		9F438B831FAC1ABF0080BD69 /* SHCategoryExampleUITests */ = {
			isa = PBXGroup;
			children = (
				9F438B841FAC1ABF0080BD69 /* SHCategoryExampleUITests.m */,
				9F438B861FAC1ABF0080BD69 /* Info.plist */,
			);
			path = SHCategoryExampleUITests;
			sourceTree = "<group>";
		};
		9F438B971FAC1C100080BD69 /* SHCategory */ = {
			isa = PBXGroup;
			children = (
				9F438B9A1FAC1C100080BD69 /* SHCategory.h */,
				9F438B981FAC1C100080BD69 /* Constant */,
				9F3C8FC91FB051D600C96F71 /* Base */,
				9FAD1A861FB0379300EE1147 /* GeneralCategory */,
				9FAD1A881FB0379300EE1147 /* Extension */,
			);
			name = SHCategory;
			path = ../../SHCategory;
			sourceTree = "<group>";
		};
		9F438B981FAC1C100080BD69 /* Constant */ = {
			isa = PBXGroup;
			children = (
				9FAD1A851FB0345800EE1147 /* AppConstant.h */,
				9F438B991FAC1C100080BD69 /* Log.h */,
				9FAD1ACC1FB04F2800EE1147 /* DataConstant.h */,
			);
			path = Constant;
			sourceTree = "<group>";
		};
		9FAD1A861FB0379300EE1147 /* GeneralCategory */ = {
			isa = PBXGroup;
			children = (
				9FAD1AA41FB041D700EE1147 /* obj-json */,
				9FAD1A891FB039D300EE1147 /* Network */,
			);
			path = GeneralCategory;
			sourceTree = "<group>";
		};
		9FAD1A881FB0379300EE1147 /* Extension */ = {
			isa = PBXGroup;
			children = (
			);
			path = Extension;
			sourceTree = "<group>";
		};
		9FAD1A891FB039D300EE1147 /* Network */ = {
			isa = PBXGroup;
			children = (
				9FAD1A8C1FB03A0600EE1147 /* NetworkRequest.h */,
				9FAD1A8D1FB03A0600EE1147 /* NetworkRequest.m */,
			);
			path = Network;
			sourceTree = "<group>";
		};
		9FAD1A8F1FB03BEC00EE1147 /* Third */ = {
			isa = PBXGroup;
			children = (
				9FAD1ABC1FB04BF900EE1147 /* SVProgressHUD */,
				9FAD1A901FB03BF500EE1147 /* AFNetworking */,
			);
			path = Third;
			sourceTree = "<group>";
		};
		9FAD1A901FB03BF500EE1147 /* AFNetworking */ = {
			isa = PBXGroup;
			children = (
				9FAD1A911FB03BF500EE1147 /* AFHTTPRequestOperation.h */,
				9FAD1A921FB03BF500EE1147 /* AFHTTPRequestOperation.m */,
				9FAD1A931FB03BF500EE1147 /* AFHTTPRequestOperationManager.h */,
				9FAD1A941FB03BF500EE1147 /* AFHTTPRequestOperationManager.m */,
				9FAD1A951FB03BF500EE1147 /* AFHTTPSessionManager.h */,
				9FAD1A961FB03BF500EE1147 /* AFHTTPSessionManager.m */,
				9FAD1A971FB03BF500EE1147 /* AFNetworking.h */,
				9FAD1A981FB03BF500EE1147 /* AFNetworkReachabilityManager.h */,
				9FAD1A991FB03BF500EE1147 /* AFNetworkReachabilityManager.m */,
				9FAD1A9A1FB03BF500EE1147 /* AFSecurityPolicy.h */,
				9FAD1A9B1FB03BF500EE1147 /* AFSecurityPolicy.m */,
				9FAD1A9C1FB03BF500EE1147 /* AFURLConnectionOperation.h */,
				9FAD1A9D1FB03BF500EE1147 /* AFURLConnectionOperation.m */,
				9FAD1A9E1FB03BF500EE1147 /* AFURLRequestSerialization.h */,
				9FAD1A9F1FB03BF500EE1147 /* AFURLRequestSerialization.m */,
				9FAD1AA01FB03BF500EE1147 /* AFURLResponseSerialization.h */,
				9FAD1AA11FB03BF500EE1147 /* AFURLResponseSerialization.m */,
				9FAD1AA21FB03BF500EE1147 /* AFURLSessionManager.h */,
				9FAD1AA31FB03BF500EE1147 /* AFURLSessionManager.m */,
			);
			path = AFNetworking;
			sourceTree = "<group>";
		};
		9FAD1AA41FB041D700EE1147 /* obj-json */ = {
			isa = PBXGroup;
			children = (
				9FAD1AA51FB041D700EE1147 /* Obj-Json.h */,
				9FAD1AA61FB041D700EE1147 /* Obj-Json.m */,
			);
			path = "obj-json";
			sourceTree = "<group>";
		};
		9FAD1ABC1FB04BF900EE1147 /* SVProgressHUD */ = {
			isa = PBXGroup;
			children = (
				9FAD1ABD1FB04BF900EE1147 /* SVIndefiniteAnimatedView.h */,
				9FAD1ABE1FB04BF900EE1147 /* SVIndefiniteAnimatedView.m */,
				9FAD1ABF1FB04BF900EE1147 /* SVProgressAnimatedView.h */,
				9FAD1AC01FB04BF900EE1147 /* SVProgressAnimatedView.m */,
				9FAD1AC11FB04BF900EE1147 /* SVProgressHUD.bundle */,
				9FAD1AC21FB04BF900EE1147 /* SVProgressHUD.h */,
				9FAD1AC31FB04BF900EE1147 /* SVProgressHUD.m */,
				9FAD1AC41FB04BF900EE1147 /* SVRadialGradientLayer.h */,
				9FAD1AC51FB04BF900EE1147 /* SVRadialGradientLayer.m */,
			);
			path = SVProgressHUD;
			sourceTree = "<group>";
		};
		9FAD1ACA1FB04C3200EE1147 /* Frameworks */ = {
			isa = PBXGroup;
			children = (
			);
			name = Frameworks;
			sourceTree = "<group>";
		};
/* End PBXGroup section */

/* Begin PBXNativeTarget section */
		9F438B591FAC1ABF0080BD69 /* SHCategoryExample */ = {
			isa = PBXNativeTarget;
			buildConfigurationList = 9F438B891FAC1ABF0080BD69 /* Build configuration list for PBXNativeTarget "SHCategoryExample" */;
			buildPhases = (
				9F438B561FAC1ABF0080BD69 /* Sources */,
				9F438B581FAC1ABF0080BD69 /* Resources */,
				9F438B571FAC1ABF0080BD69 /* Frameworks */,
			);
			buildRules = (
			);
			dependencies = (
			);
			name = SHCategoryExample;
			productName = SHCategoryExample;
			productReference = 9F438B5A1FAC1ABF0080BD69 /* SHCategoryExample.app */;
			productType = "com.apple.product-type.application";
		};
		9F438B741FAC1ABF0080BD69 /* SHCategoryExampleTests */ = {
			isa = PBXNativeTarget;
			buildConfigurationList = 9F438B8C1FAC1ABF0080BD69 /* Build configuration list for PBXNativeTarget "SHCategoryExampleTests" */;
			buildPhases = (
				9F438B711FAC1ABF0080BD69 /* Sources */,
				9F438B721FAC1ABF0080BD69 /* Frameworks */,
				9F438B731FAC1ABF0080BD69 /* Resources */,
			);
			buildRules = (
			);
			dependencies = (
				9F438B771FAC1ABF0080BD69 /* PBXTargetDependency */,
			);
			name = SHCategoryExampleTests;
			productName = SHCategoryExampleTests;
			productReference = 9F438B751FAC1ABF0080BD69 /* SHCategoryExampleTests.xctest */;
			productType = "com.apple.product-type.bundle.unit-test";
		};
		9F438B7F1FAC1ABF0080BD69 /* SHCategoryExampleUITests */ = {
			isa = PBXNativeTarget;
			buildConfigurationList = 9F438B8F1FAC1ABF0080BD69 /* Build configuration list for PBXNativeTarget "SHCategoryExampleUITests" */;
			buildPhases = (
				9F438B7C1FAC1ABF0080BD69 /* Sources */,
				9F438B7D1FAC1ABF0080BD69 /* Frameworks */,
				9F438B7E1FAC1ABF0080BD69 /* Resources */,
			);
			buildRules = (
			);
			dependencies = (
				9F438B821FAC1ABF0080BD69 /* PBXTargetDependency */,
			);
			name = SHCategoryExampleUITests;
			productName = SHCategoryExampleUITests;
			productReference = 9F438B801FAC1ABF0080BD69 /* SHCategoryExampleUITests.xctest */;
			productType = "com.apple.product-type.bundle.ui-testing";
		};
/* End PBXNativeTarget section */

/* Begin PBXProject section */
		9F438B521FAC1ABE0080BD69 /* Project object */ = {
			isa = PBXProject;
			attributes = {
				LastUpgradeCheck = 0900;
				ORGANIZATIONNAME = Motian;
				TargetAttributes = {
					9F438B591FAC1ABF0080BD69 = {
						CreatedOnToolsVersion = 9.0;
						ProvisioningStyle = Automatic;
					};
					9F438B741FAC1ABF0080BD69 = {
						CreatedOnToolsVersion = 9.0;
						ProvisioningStyle = Automatic;
						TestTargetID = 9F438B591FAC1ABF0080BD69;
					};
					9F438B7F1FAC1ABF0080BD69 = {
						CreatedOnToolsVersion = 9.0;
						ProvisioningStyle = Automatic;
						TestTargetID = 9F438B591FAC1ABF0080BD69;
					};
				};
			};
			buildConfigurationList = 9F438B551FAC1ABE0080BD69 /* Build configuration list for PBXProject "SHCategoryExample" */;
			compatibilityVersion = "Xcode 8.0";
			developmentRegion = en;
			hasScannedForEncodings = 0;
			knownRegions = (
				en,
				Base,
			);
			mainGroup = 9F438B511FAC1ABE0080BD69;
			productRefGroup = 9F438B5B1FAC1ABF0080BD69 /* Products */;
			projectDirPath = "";
			projectRoot = "";
			targets = (
				9F438B591FAC1ABF0080BD69 /* SHCategoryExample */,
				9F438B741FAC1ABF0080BD69 /* SHCategoryExampleTests */,
				9F438B7F1FAC1ABF0080BD69 /* SHCategoryExampleUITests */,
			);
		};
/* End PBXProject section */

/* Begin PBXResourcesBuildPhase section */
		9F438B581FAC1ABF0080BD69 /* Resources */ = {
			isa = PBXResourcesBuildPhase;
			buildActionMask = 2147483647;
			files = (
				9F438B6D1FAC1ABF0080BD69 /* LaunchScreen.storyboard in Resources */,
				9F438B6A1FAC1ABF0080BD69 /* Assets.xcassets in Resources */,
				9F438B651FAC1ABF0080BD69 /* Main.storyboard in Resources */,
			);
			runOnlyForDeploymentPostprocessing = 0;
		};
		9F438B731FAC1ABF0080BD69 /* Resources */ = {
			isa = PBXResourcesBuildPhase;
			buildActionMask = 2147483647;
			files = (
			);
			runOnlyForDeploymentPostprocessing = 0;
		};
		9F438B7E1FAC1ABF0080BD69 /* Resources */ = {
			isa = PBXResourcesBuildPhase;
			buildActionMask = 2147483647;
			files = (
			);
			runOnlyForDeploymentPostprocessing = 0;
		};
/* End PBXResourcesBuildPhase section */

/* Begin PBXSourcesBuildPhase section */
		9F438B561FAC1ABF0080BD69 /* Sources */ = {
			isa = PBXSourcesBuildPhase;
			buildActionMask = 2147483647;
			files = (
				9FAD1AC61FB04C2000EE1147 /* SVIndefiniteAnimatedView.m in Sources */,
				9FAD1AC71FB04C2000EE1147 /* SVProgressAnimatedView.m in Sources */,
				9FAD1AC81FB04C2000EE1147 /* SVProgressHUD.m in Sources */,
				9FAD1AC91FB04C2000EE1147 /* SVRadialGradientLayer.m in Sources */,
				9FAD1AB31FB0493600EE1147 /* AFHTTPRequestOperation.m in Sources */,
				9FAD1AB41FB0493600EE1147 /* AFHTTPRequestOperationManager.m in Sources */,
				9FAD1AB51FB0493600EE1147 /* AFHTTPSessionManager.m in Sources */,
				9FAD1AB61FB0493600EE1147 /* AFNetworkReachabilityManager.m in Sources */,
				9FAD1AB71FB0493600EE1147 /* AFSecurityPolicy.m in Sources */,
				9FAD1AB81FB0493600EE1147 /* AFURLConnectionOperation.m in Sources */,
				9FAD1AB91FB0493600EE1147 /* AFURLRequestSerialization.m in Sources */,
				9FAD1ABA1FB0493600EE1147 /* AFURLResponseSerialization.m in Sources */,
				9FAD1ABB1FB0493600EE1147 /* AFURLSessionManager.m in Sources */,
				9FAD1AB01FB0490D00EE1147 /* Obj-Json.m in Sources */,
				9F438B621FAC1ABF0080BD69 /* ViewController.m in Sources */,
				9FAD1A8E1FB03A0600EE1147 /* NetworkRequest.m in Sources */,
				9F438B681FAC1ABF0080BD69 /* SHCategoryExample.xcdatamodeld in Sources */,
				9F438B701FAC1ABF0080BD69 /* main.m in Sources */,
				9F438B5F1FAC1ABF0080BD69 /* AppDelegate.m in Sources */,
			);
			runOnlyForDeploymentPostprocessing = 0;
		};
		9F438B711FAC1ABF0080BD69 /* Sources */ = {
			isa = PBXSourcesBuildPhase;
			buildActionMask = 2147483647;
			files = (
				9F438B7A1FAC1ABF0080BD69 /* SHCategoryExampleTests.m in Sources */,
			);
			runOnlyForDeploymentPostprocessing = 0;
		};
		9F438B7C1FAC1ABF0080BD69 /* Sources */ = {
			isa = PBXSourcesBuildPhase;
			buildActionMask = 2147483647;
			files = (
				9F438B851FAC1ABF0080BD69 /* SHCategoryExampleUITests.m in Sources */,
			);
			runOnlyForDeploymentPostprocessing = 0;
		};
/* End PBXSourcesBuildPhase section */

/* Begin PBXTargetDependency section */
		9F438B771FAC1ABF0080BD69 /* PBXTargetDependency */ = {
			isa = PBXTargetDependency;
			target = 9F438B591FAC1ABF0080BD69 /* SHCategoryExample */;
			targetProxy = 9F438B761FAC1ABF0080BD69 /* PBXContainerItemProxy */;
		};
		9F438B821FAC1ABF0080BD69 /* PBXTargetDependency */ = {
			isa = PBXTargetDependency;
			target = 9F438B591FAC1ABF0080BD69 /* SHCategoryExample */;
			targetProxy = 9F438B811FAC1ABF0080BD69 /* PBXContainerItemProxy */;
		};
/* End PBXTargetDependency section */

/* Begin PBXVariantGroup section */
		9F438B631FAC1ABF0080BD69 /* Main.storyboard */ = {
			isa = PBXVariantGroup;
			children = (
				9F438B641FAC1ABF0080BD69 /* Base */,
			);
			name = Main.storyboard;
			sourceTree = "<group>";
		};
		9F438B6B1FAC1ABF0080BD69 /* LaunchScreen.storyboard */ = {
			isa = PBXVariantGroup;
			children = (
				9F438B6C1FAC1ABF0080BD69 /* Base */,
			);
			name = LaunchScreen.storyboard;
			sourceTree = "<group>";
		};
/* End PBXVariantGroup section */

/* Begin XCBuildConfiguration section */
		9F438B871FAC1ABF0080BD69 /* Debug */ = {
			isa = XCBuildConfiguration;
			buildSettings = {
				ALWAYS_SEARCH_USER_PATHS = NO;
				CLANG_ANALYZER_NONNULL = YES;
				CLANG_ANALYZER_NUMBER_OBJECT_CONVERSION = YES_AGGRESSIVE;
				CLANG_CXX_LANGUAGE_STANDARD = "gnu++14";
				CLANG_CXX_LIBRARY = "libc++";
				CLANG_ENABLE_MODULES = YES;
				CLANG_ENABLE_OBJC_ARC = YES;
				CLANG_WARN_BLOCK_CAPTURE_AUTORELEASING = YES;
				CLANG_WARN_BOOL_CONVERSION = YES;
				CLANG_WARN_COMMA = YES;
				CLANG_WARN_CONSTANT_CONVERSION = YES;
				CLANG_WARN_DIRECT_OBJC_ISA_USAGE = YES_ERROR;
				CLANG_WARN_DOCUMENTATION_COMMENTS = YES;
				CLANG_WARN_EMPTY_BODY = YES;
				CLANG_WARN_ENUM_CONVERSION = YES;
				CLANG_WARN_INFINITE_RECURSION = YES;
				CLANG_WARN_INT_CONVERSION = YES;
				CLANG_WARN_NON_LITERAL_NULL_CONVERSION = YES;
				CLANG_WARN_OBJC_LITERAL_CONVERSION = YES;
				CLANG_WARN_OBJC_ROOT_CLASS = YES_ERROR;
				CLANG_WARN_RANGE_LOOP_ANALYSIS = YES;
				CLANG_WARN_STRICT_PROTOTYPES = YES;
				CLANG_WARN_SUSPICIOUS_MOVE = YES;
				CLANG_WARN_UNGUARDED_AVAILABILITY = YES_AGGRESSIVE;
				CLANG_WARN_UNREACHABLE_CODE = YES;
				CLANG_WARN__DUPLICATE_METHOD_MATCH = YES;
				CODE_SIGN_IDENTITY = "iPhone Developer";
				COPY_PHASE_STRIP = NO;
				DEBUG_INFORMATION_FORMAT = dwarf;
				ENABLE_STRICT_OBJC_MSGSEND = YES;
				ENABLE_TESTABILITY = YES;
				GCC_C_LANGUAGE_STANDARD = gnu11;
				GCC_DYNAMIC_NO_PIC = NO;
				GCC_NO_COMMON_BLOCKS = YES;
				GCC_OPTIMIZATION_LEVEL = 0;
				GCC_PREPROCESSOR_DEFINITIONS = (
					"DEBUG=1",
					"$(inherited)",
				);
				GCC_WARN_64_TO_32_BIT_CONVERSION = YES;
				GCC_WARN_ABOUT_RETURN_TYPE = YES_ERROR;
				GCC_WARN_UNDECLARED_SELECTOR = YES;
				GCC_WARN_UNINITIALIZED_AUTOS = YES_AGGRESSIVE;
				GCC_WARN_UNUSED_FUNCTION = YES;
				GCC_WARN_UNUSED_VARIABLE = YES;
				IPHONEOS_DEPLOYMENT_TARGET = 11.0;
				MTL_ENABLE_DEBUG_INFO = YES;
				ONLY_ACTIVE_ARCH = YES;
				SDKROOT = iphoneos;
			};
			name = Debug;
		};
		9F438B881FAC1ABF0080BD69 /* Release */ = {
			isa = XCBuildConfiguration;
			buildSettings = {
				ALWAYS_SEARCH_USER_PATHS = NO;
				CLANG_ANALYZER_NONNULL = YES;
				CLANG_ANALYZER_NUMBER_OBJECT_CONVERSION = YES_AGGRESSIVE;
				CLANG_CXX_LANGUAGE_STANDARD = "gnu++14";
				CLANG_CXX_LIBRARY = "libc++";
				CLANG_ENABLE_MODULES = YES;
				CLANG_ENABLE_OBJC_ARC = YES;
				CLANG_WARN_BLOCK_CAPTURE_AUTORELEASING = YES;
				CLANG_WARN_BOOL_CONVERSION = YES;
				CLANG_WARN_COMMA = YES;
				CLANG_WARN_CONSTANT_CONVERSION = YES;
				CLANG_WARN_DIRECT_OBJC_ISA_USAGE = YES_ERROR;
				CLANG_WARN_DOCUMENTATION_COMMENTS = YES;
				CLANG_WARN_EMPTY_BODY = YES;
				CLANG_WARN_ENUM_CONVERSION = YES;
				CLANG_WARN_INFINITE_RECURSION = YES;
				CLANG_WARN_INT_CONVERSION = YES;
				CLANG_WARN_NON_LITERAL_NULL_CONVERSION = YES;
				CLANG_WARN_OBJC_LITERAL_CONVERSION = YES;
				CLANG_WARN_OBJC_ROOT_CLASS = YES_ERROR;
				CLANG_WARN_RANGE_LOOP_ANALYSIS = YES;
				CLANG_WARN_STRICT_PROTOTYPES = YES;
				CLANG_WARN_SUSPICIOUS_MOVE = YES;
				CLANG_WARN_UNGUARDED_AVAILABILITY = YES_AGGRESSIVE;
				CLANG_WARN_UNREACHABLE_CODE = YES;
				CLANG_WARN__DUPLICATE_METHOD_MATCH = YES;
				CODE_SIGN_IDENTITY = "iPhone Developer";
				COPY_PHASE_STRIP = NO;
				DEBUG_INFORMATION_FORMAT = "dwarf-with-dsym";
				ENABLE_NS_ASSERTIONS = NO;
				ENABLE_STRICT_OBJC_MSGSEND = YES;
				GCC_C_LANGUAGE_STANDARD = gnu11;
				GCC_NO_COMMON_BLOCKS = YES;
				GCC_WARN_64_TO_32_BIT_CONVERSION = YES;
				GCC_WARN_ABOUT_RETURN_TYPE = YES_ERROR;
				GCC_WARN_UNDECLARED_SELECTOR = YES;
				GCC_WARN_UNINITIALIZED_AUTOS = YES_AGGRESSIVE;
				GCC_WARN_UNUSED_FUNCTION = YES;
				GCC_WARN_UNUSED_VARIABLE = YES;
				IPHONEOS_DEPLOYMENT_TARGET = 11.0;
				MTL_ENABLE_DEBUG_INFO = NO;
				SDKROOT = iphoneos;
				VALIDATE_PRODUCT = YES;
			};
			name = Release;
		};
		9F438B8A1FAC1ABF0080BD69 /* Debug */ = {
			isa = XCBuildConfiguration;
			buildSettings = {
				ASSETCATALOG_COMPILER_APPICON_NAME = AppIcon;
				CODE_SIGN_STYLE = Automatic;
				DEVELOPMENT_TEAM = YH4S42NR53;
				INFOPLIST_FILE = SHCategoryExample/Info.plist;
				LD_RUNPATH_SEARCH_PATHS = "$(inherited) @executable_path/Frameworks";
				PRODUCT_BUNDLE_IDENTIFIER = Motian.SHCategoryExample;
				PRODUCT_NAME = "$(TARGET_NAME)";
				TARGETED_DEVICE_FAMILY = "1,2";
			};
			name = Debug;
		};
		9F438B8B1FAC1ABF0080BD69 /* Release */ = {
			isa = XCBuildConfiguration;
			buildSettings = {
				ASSETCATALOG_COMPILER_APPICON_NAME = AppIcon;
				CODE_SIGN_STYLE = Automatic;
				DEVELOPMENT_TEAM = YH4S42NR53;
				INFOPLIST_FILE = SHCategoryExample/Info.plist;
				LD_RUNPATH_SEARCH_PATHS = "$(inherited) @executable_path/Frameworks";
				PRODUCT_BUNDLE_IDENTIFIER = Motian.SHCategoryExample;
				PRODUCT_NAME = "$(TARGET_NAME)";
				TARGETED_DEVICE_FAMILY = "1,2";
			};
			name = Release;
		};
		9F438B8D1FAC1ABF0080BD69 /* Debug */ = {
			isa = XCBuildConfiguration;
			buildSettings = {
				BUNDLE_LOADER = "$(TEST_HOST)";
				CODE_SIGN_STYLE = Automatic;
				DEVELOPMENT_TEAM = YH4S42NR53;
				INFOPLIST_FILE = SHCategoryExampleTests/Info.plist;
				LD_RUNPATH_SEARCH_PATHS = "$(inherited) @executable_path/Frameworks @loader_path/Frameworks";
				PRODUCT_BUNDLE_IDENTIFIER = Motian.SHCategoryExampleTests;
				PRODUCT_NAME = "$(TARGET_NAME)";
				TARGETED_DEVICE_FAMILY = "1,2";
				TEST_HOST = "$(BUILT_PRODUCTS_DIR)/SHCategoryExample.app/SHCategoryExample";
			};
			name = Debug;
		};
		9F438B8E1FAC1ABF0080BD69 /* Release */ = {
			isa = XCBuildConfiguration;
			buildSettings = {
				BUNDLE_LOADER = "$(TEST_HOST)";
				CODE_SIGN_STYLE = Automatic;
				DEVELOPMENT_TEAM = YH4S42NR53;
				INFOPLIST_FILE = SHCategoryExampleTests/Info.plist;
				LD_RUNPATH_SEARCH_PATHS = "$(inherited) @executable_path/Frameworks @loader_path/Frameworks";
				PRODUCT_BUNDLE_IDENTIFIER = Motian.SHCategoryExampleTests;
				PRODUCT_NAME = "$(TARGET_NAME)";
				TARGETED_DEVICE_FAMILY = "1,2";
				TEST_HOST = "$(BUILT_PRODUCTS_DIR)/SHCategoryExample.app/SHCategoryExample";
			};
			name = Release;
		};
		9F438B901FAC1ABF0080BD69 /* Debug */ = {
			isa = XCBuildConfiguration;
			buildSettings = {
				CODE_SIGN_STYLE = Automatic;
				DEVELOPMENT_TEAM = YH4S42NR53;
				INFOPLIST_FILE = SHCategoryExampleUITests/Info.plist;
				LD_RUNPATH_SEARCH_PATHS = "$(inherited) @executable_path/Frameworks @loader_path/Frameworks";
				PRODUCT_BUNDLE_IDENTIFIER = Motian.SHCategoryExampleUITests;
				PRODUCT_NAME = "$(TARGET_NAME)";
				TARGETED_DEVICE_FAMILY = "1,2";
				TEST_TARGET_NAME = SHCategoryExample;
			};
			name = Debug;
		};
		9F438B911FAC1ABF0080BD69 /* Release */ = {
			isa = XCBuildConfiguration;
			buildSettings = {
				CODE_SIGN_STYLE = Automatic;
				DEVELOPMENT_TEAM = YH4S42NR53;
				INFOPLIST_FILE = SHCategoryExampleUITests/Info.plist;
				LD_RUNPATH_SEARCH_PATHS = "$(inherited) @executable_path/Frameworks @loader_path/Frameworks";
				PRODUCT_BUNDLE_IDENTIFIER = Motian.SHCategoryExampleUITests;
				PRODUCT_NAME = "$(TARGET_NAME)";
				TARGETED_DEVICE_FAMILY = "1,2";
				TEST_TARGET_NAME = SHCategoryExample;
			};
			name = Release;
		};
/* End XCBuildConfiguration section */

/* Begin XCConfigurationList section */
		9F438B551FAC1ABE0080BD69 /* Build configuration list for PBXProject "SHCategoryExample" */ = {
			isa = XCConfigurationList;
			buildConfigurations = (
				9F438B871FAC1ABF0080BD69 /* Debug */,
				9F438B881FAC1ABF0080BD69 /* Release */,
			);
			defaultConfigurationIsVisible = 0;
			defaultConfigurationName = Release;
		};
		9F438B891FAC1ABF0080BD69 /* Build configuration list for PBXNativeTarget "SHCategoryExample" */ = {
			isa = XCConfigurationList;
			buildConfigurations = (
				9F438B8A1FAC1ABF0080BD69 /* Debug */,
				9F438B8B1FAC1ABF0080BD69 /* Release */,
			);
			defaultConfigurationIsVisible = 0;
			defaultConfigurationName = Release;
		};
		9F438B8C1FAC1ABF0080BD69 /* Build configuration list for PBXNativeTarget "SHCategoryExampleTests" */ = {
			isa = XCConfigurationList;
			buildConfigurations = (
				9F438B8D1FAC1ABF0080BD69 /* Debug */,
				9F438B8E1FAC1ABF0080BD69 /* Release */,
			);
			defaultConfigurationIsVisible = 0;
			defaultConfigurationName = Release;
		};
		9F438B8F1FAC1ABF0080BD69 /* Build configuration list for PBXNativeTarget "SHCategoryExampleUITests" */ = {
			isa = XCConfigurationList;
			buildConfigurations = (
				9F438B901FAC1ABF0080BD69 /* Debug */,
				9F438B911FAC1ABF0080BD69 /* Release */,
			);
			defaultConfigurationIsVisible = 0;
			defaultConfigurationName = Release;
		};
/* End XCConfigurationList section */

/* Begin XCVersionGroup section */
		9F438B661FAC1ABF0080BD69 /* SHCategoryExample.xcdatamodeld */ = {
			isa = XCVersionGroup;
			children = (
				9F438B671FAC1ABF0080BD69 /* SHCategoryExample.xcdatamodel */,
			);
			currentVersion = 9F438B671FAC1ABF0080BD69 /* SHCategoryExample.xcdatamodel */;
			path = SHCategoryExample.xcdatamodeld;
			sourceTree = "<group>";
			versionGroupType = wrapper.xcdatamodel;
		};
/* End XCVersionGroup section */
	};
	rootObject = 9F438B521FAC1ABE0080BD69 /* Project object */;
}
