// !$*UTF8*$!
{
	archiveVersion = 1;
	classes = {
	};
	objectVersion = 48;
	objects = {

/* Begin PBXBuildFile section */
		64BA5A8D64A1C299EA7E8EA4 /* libPods-SHCategoryExample.a in Frameworks */ = {isa = PBXBuildFile; fileRef = B3EDB9C1212E5F9BD2FF08F5 /* libPods-SHCategoryExample.a */; };
		9F42350C1FD7C66300EBA8F0 /* AlertView.m in Sources */ = {isa = PBXBuildFile; fileRef = 9F42350B1FD7C66300EBA8F0 /* AlertView.m */; };
		9F42350F1FD7C7C300EBA8F0 /* UILabel+Space.m in Sources */ = {isa = PBXBuildFile; fileRef = 9F42350E1FD7C7C300EBA8F0 /* UILabel+Space.m */; };
		9F438B5F1FAC1ABF0080BD69 /* AppDelegate.m in Sources */ = {isa = PBXBuildFile; fileRef = 9F438B5E1FAC1ABF0080BD69 /* AppDelegate.m */; };
		9F438B621FAC1ABF0080BD69 /* ViewController.m in Sources */ = {isa = PBXBuildFile; fileRef = 9F438B611FAC1ABF0080BD69 /* ViewController.m */; };
		9F438B651FAC1ABF0080BD69 /* Main.storyboard in Resources */ = {isa = PBXBuildFile; fileRef = 9F438B631FAC1ABF0080BD69 /* Main.storyboard */; };
		9F438B681FAC1ABF0080BD69 /* SHCategoryExample.xcdatamodeld in Sources */ = {isa = PBXBuildFile; fileRef = 9F438B661FAC1ABF0080BD69 /* SHCategoryExample.xcdatamodeld */; };
		9F438B6A1FAC1ABF0080BD69 /* Assets.xcassets in Resources */ = {isa = PBXBuildFile; fileRef = 9F438B691FAC1ABF0080BD69 /* Assets.xcassets */; };
		9F438B6D1FAC1ABF0080BD69 /* LaunchScreen.storyboard in Resources */ = {isa = PBXBuildFile; fileRef = 9F438B6B1FAC1ABF0080BD69 /* LaunchScreen.storyboard */; };
		9F438B701FAC1ABF0080BD69 /* main.m in Sources */ = {isa = PBXBuildFile; fileRef = 9F438B6F1FAC1ABF0080BD69 /* main.m */; };
		9F438B7A1FAC1ABF0080BD69 /* SHCategoryExampleTests.m in Sources */ = {isa = PBXBuildFile; fileRef = 9F438B791FAC1ABF0080BD69 /* SHCategoryExampleTests.m */; };
		9F438B851FAC1ABF0080BD69 /* SHCategoryExampleUITests.m in Sources */ = {isa = PBXBuildFile; fileRef = 9F438B841FAC1ABF0080BD69 /* SHCategoryExampleUITests.m */; };
		9F59C0CF1FB165D200CB2E28 /* NetworkRequest.m in Sources */ = {isa = PBXBuildFile; fileRef = 9F59C0CE1FB14C8900CB2E28 /* NetworkRequest.m */; };
		9FAD1AB01FB0490D00EE1147 /* Obj-Json.m in Sources */ = {isa = PBXBuildFile; fileRef = 9FAD1AA61FB041D700EE1147 /* Obj-Json.m */; };
		F27FFD471FF3481C009E24FD /* FileManager.m in Sources */ = {isa = PBXBuildFile; fileRef = F27FFD461FF3481B009E24FD /* FileManager.m */; };
		F2C03C101FD9429200611BED /* NSString+Path.m in Sources */ = {isa = PBXBuildFile; fileRef = F2C03C0A1FD9429000611BED /* NSString+Path.m */; };
		F2C03C111FD9429200611BED /* NSString+Base64.m in Sources */ = {isa = PBXBuildFile; fileRef = F2C03C0C1FD9429100611BED /* NSString+Base64.m */; };
		F2C03C121FD9429200611BED /* NSString+Hash.m in Sources */ = {isa = PBXBuildFile; fileRef = F2C03C0E1FD9429100611BED /* NSString+Hash.m */; };
		F2C03C161FD9443C00611BED /* UIView+Frame.m in Sources */ = {isa = PBXBuildFile; fileRef = F2C03C151FD9443C00611BED /* UIView+Frame.m */; };
/* End PBXBuildFile section */

/* Begin PBXContainerItemProxy section */
		9F438B761FAC1ABF0080BD69 /* PBXContainerItemProxy */ = {
			isa = PBXContainerItemProxy;
			containerPortal = 9F438B521FAC1ABE0080BD69 /* Project object */;
			proxyType = 1;
			remoteGlobalIDString = 9F438B591FAC1ABF0080BD69;
			remoteInfo = SHCategoryExample;
		};
		9F438B811FAC1ABF0080BD69 /* PBXContainerItemProxy */ = {
			isa = PBXContainerItemProxy;
			containerPortal = 9F438B521FAC1ABE0080BD69 /* Project object */;
			proxyType = 1;
			remoteGlobalIDString = 9F438B591FAC1ABF0080BD69;
			remoteInfo = SHCategoryExample;
		};
/* End PBXContainerItemProxy section */

/* Begin PBXFileReference section */
		1079A6264159BDD45D112EF2 /* Pods-SHCategoryExample.release.xcconfig */ = {isa = PBXFileReference; includeInIndex = 1; lastKnownFileType = text.xcconfig; name = "Pods-SHCategoryExample.release.xcconfig"; path = "Pods/Target Support Files/Pods-SHCategoryExample/Pods-SHCategoryExample.release.xcconfig"; sourceTree = "<group>"; };
		9F0443861FBC0FFD00FEAEBD /* ToolManager.h */ = {isa = PBXFileReference; lastKnownFileType = sourcecode.c.h; path = ToolManager.h; sourceTree = "<group>"; };
		9F0443871FBC0FFE00FEAEBD /* ToolManager.m */ = {isa = PBXFileReference; lastKnownFileType = sourcecode.c.objc; path = ToolManager.m; sourceTree = "<group>"; };
		9F3C8FCA1FB058A900C96F71 /* PrefixHeader.pch */ = {isa = PBXFileReference; lastKnownFileType = sourcecode.c.h; path = PrefixHeader.pch; sourceTree = "<group>"; };
		9F42350A1FD7C66300EBA8F0 /* AlertView.h */ = {isa = PBXFileReference; lastKnownFileType = sourcecode.c.h; path = AlertView.h; sourceTree = "<group>"; };
		9F42350B1FD7C66300EBA8F0 /* AlertView.m */ = {isa = PBXFileReference; lastKnownFileType = sourcecode.c.objc; path = AlertView.m; sourceTree = "<group>"; };
		9F42350D1FD7C7C300EBA8F0 /* UILabel+Space.h */ = {isa = PBXFileReference; lastKnownFileType = sourcecode.c.h; path = "UILabel+Space.h"; sourceTree = "<group>"; };
		9F42350E1FD7C7C300EBA8F0 /* UILabel+Space.m */ = {isa = PBXFileReference; lastKnownFileType = sourcecode.c.objc; path = "UILabel+Space.m"; sourceTree = "<group>"; };
		9F438B5A1FAC1ABF0080BD69 /* SHCategoryExample.app */ = {isa = PBXFileReference; explicitFileType = wrapper.application; includeInIndex = 0; path = SHCategoryExample.app; sourceTree = BUILT_PRODUCTS_DIR; };
		9F438B5D1FAC1ABF0080BD69 /* AppDelegate.h */ = {isa = PBXFileReference; lastKnownFileType = sourcecode.c.h; path = AppDelegate.h; sourceTree = "<group>"; };
		9F438B5E1FAC1ABF0080BD69 /* AppDelegate.m */ = {isa = PBXFileReference; lastKnownFileType = sourcecode.c.objc; path = AppDelegate.m; sourceTree = "<group>"; };
		9F438B601FAC1ABF0080BD69 /* ViewController.h */ = {isa = PBXFileReference; lastKnownFileType = sourcecode.c.h; path = ViewController.h; sourceTree = "<group>"; };
		9F438B611FAC1ABF0080BD69 /* ViewController.m */ = {isa = PBXFileReference; lastKnownFileType = sourcecode.c.objc; path = ViewController.m; sourceTree = "<group>"; };
		9F438B641FAC1ABF0080BD69 /* Base */ = {isa = PBXFileReference; lastKnownFileType = file.storyboard; name = Base; path = Base.lproj/Main.storyboard; sourceTree = "<group>"; };
		9F438B671FAC1ABF0080BD69 /* SHCategoryExample.xcdatamodel */ = {isa = PBXFileReference; lastKnownFileType = wrapper.xcdatamodel; path = SHCategoryExample.xcdatamodel; sourceTree = "<group>"; };
		9F438B691FAC1ABF0080BD69 /* Assets.xcassets */ = {isa = PBXFileReference; lastKnownFileType = folder.assetcatalog; path = Assets.xcassets; sourceTree = "<group>"; };
		9F438B6C1FAC1ABF0080BD69 /* Base */ = {isa = PBXFileReference; lastKnownFileType = file.storyboard; name = Base; path = Base.lproj/LaunchScreen.storyboard; sourceTree = "<group>"; };
		9F438B6E1FAC1ABF0080BD69 /* Info.plist */ = {isa = PBXFileReference; lastKnownFileType = text.plist.xml; path = Info.plist; sourceTree = "<group>"; };
		9F438B6F1FAC1ABF0080BD69 /* main.m */ = {isa = PBXFileReference; lastKnownFileType = sourcecode.c.objc; path = main.m; sourceTree = "<group>"; };
		9F438B751FAC1ABF0080BD69 /* SHCategoryExampleTests.xctest */ = {isa = PBXFileReference; explicitFileType = wrapper.cfbundle; includeInIndex = 0; path = SHCategoryExampleTests.xctest; sourceTree = BUILT_PRODUCTS_DIR; };
		9F438B791FAC1ABF0080BD69 /* SHCategoryExampleTests.m */ = {isa = PBXFileReference; lastKnownFileType = sourcecode.c.objc; path = SHCategoryExampleTests.m; sourceTree = "<group>"; };
		9F438B7B1FAC1ABF0080BD69 /* Info.plist */ = {isa = PBXFileReference; lastKnownFileType = text.plist.xml; path = Info.plist; sourceTree = "<group>"; };
		9F438B801FAC1ABF0080BD69 /* SHCategoryExampleUITests.xctest */ = {isa = PBXFileReference; explicitFileType = wrapper.cfbundle; includeInIndex = 0; path = SHCategoryExampleUITests.xctest; sourceTree = BUILT_PRODUCTS_DIR; };
		9F438B841FAC1ABF0080BD69 /* SHCategoryExampleUITests.m */ = {isa = PBXFileReference; lastKnownFileType = sourcecode.c.objc; path = SHCategoryExampleUITests.m; sourceTree = "<group>"; };
		9F438B861FAC1ABF0080BD69 /* Info.plist */ = {isa = PBXFileReference; lastKnownFileType = text.plist.xml; path = Info.plist; sourceTree = "<group>"; };
		9F438B991FAC1C100080BD69 /* Log.h */ = {isa = PBXFileReference; lastKnownFileType = sourcecode.c.h; path = Log.h; sourceTree = "<group>"; };
		9F438B9A1FAC1C100080BD69 /* SHCategory.h */ = {isa = PBXFileReference; lastKnownFileType = sourcecode.c.h; path = SHCategory.h; sourceTree = "<group>"; };
		9F59C0CD1FB14C8900CB2E28 /* NetworkRequest.h */ = {isa = PBXFileReference; lastKnownFileType = sourcecode.c.h; path = NetworkRequest.h; sourceTree = "<group>"; };
		9F59C0CE1FB14C8900CB2E28 /* NetworkRequest.m */ = {isa = PBXFileReference; lastKnownFileType = sourcecode.c.objc; path = NetworkRequest.m; sourceTree = "<group>"; };
		9FAD1A851FB0345800EE1147 /* AppConstant.h */ = {isa = PBXFileReference; lastKnownFileType = sourcecode.c.h; path = AppConstant.h; sourceTree = "<group>"; };
		9FAD1AA51FB041D700EE1147 /* Obj-Json.h */ = {isa = PBXFileReference; lastKnownFileType = sourcecode.c.h; path = "Obj-Json.h"; sourceTree = "<group>"; };
		9FAD1AA61FB041D700EE1147 /* Obj-Json.m */ = {isa = PBXFileReference; lastKnownFileType = sourcecode.c.objc; path = "Obj-Json.m"; sourceTree = "<group>"; };
		9FAD1ACC1FB04F2800EE1147 /* DataConstant.h */ = {isa = PBXFileReference; lastKnownFileType = sourcecode.c.h; path = DataConstant.h; sourceTree = "<group>"; };
		B3EDB9C1212E5F9BD2FF08F5 /* libPods-SHCategoryExample.a */ = {isa = PBXFileReference; explicitFileType = archive.ar; includeInIndex = 0; path = "libPods-SHCategoryExample.a"; sourceTree = BUILT_PRODUCTS_DIR; };
		C5E7DEE2C240F479F19BD928 /* Pods-SHCategoryExample.debug.xcconfig */ = {isa = PBXFileReference; includeInIndex = 1; lastKnownFileType = text.xcconfig; name = "Pods-SHCategoryExample.debug.xcconfig"; path = "Pods/Target Support Files/Pods-SHCategoryExample/Pods-SHCategoryExample.debug.xcconfig"; sourceTree = "<group>"; };
		F27FFD451FF3481B009E24FD /* FileManager.h */ = {isa = PBXFileReference; fileEncoding = 4; lastKnownFileType = sourcecode.c.h; path = FileManager.h; sourceTree = "<group>"; };
		F27FFD461FF3481B009E24FD /* FileManager.m */ = {isa = PBXFileReference; fileEncoding = 4; lastKnownFileType = sourcecode.c.objc; path = FileManager.m; sourceTree = "<group>"; };
		F2C03C0A1FD9429000611BED /* NSString+Path.m */ = {isa = PBXFileReference; fileEncoding = 4; lastKnownFileType = sourcecode.c.objc; path = "NSString+Path.m"; sourceTree = "<group>"; };
		F2C03C0B1FD9429000611BED /* NSString+Hash.h */ = {isa = PBXFileReference; fileEncoding = 4; lastKnownFileType = sourcecode.c.h; path = "NSString+Hash.h"; sourceTree = "<group>"; };
		F2C03C0C1FD9429100611BED /* NSString+Base64.m */ = {isa = PBXFileReference; fileEncoding = 4; lastKnownFileType = sourcecode.c.objc; path = "NSString+Base64.m"; sourceTree = "<group>"; };
		F2C03C0D1FD9429100611BED /* NSString+Base64.h */ = {isa = PBXFileReference; fileEncoding = 4; lastKnownFileType = sourcecode.c.h; path = "NSString+Base64.h"; sourceTree = "<group>"; };
		F2C03C0E1FD9429100611BED /* NSString+Hash.m */ = {isa = PBXFileReference; fileEncoding = 4; lastKnownFileType = sourcecode.c.objc; path = "NSString+Hash.m"; sourceTree = "<group>"; };
		F2C03C0F1FD9429200611BED /* NSString+Path.h */ = {isa = PBXFileReference; fileEncoding = 4; lastKnownFileType = sourcecode.c.h; path = "NSString+Path.h"; sourceTree = "<group>"; };
		F2C03C141FD9443C00611BED /* UIView+Frame.h */ = {isa = PBXFileReference; fileEncoding = 4; lastKnownFileType = sourcecode.c.h; path = "UIView+Frame.h"; sourceTree = "<group>"; };
		F2C03C151FD9443C00611BED /* UIView+Frame.m */ = {isa = PBXFileReference; fileEncoding = 4; lastKnownFileType = sourcecode.c.objc; path = "UIView+Frame.m"; sourceTree = "<group>"; };
/* End PBXFileReference section */

/* Begin PBXFrameworksBuildPhase section */
		9F438B571FAC1ABF0080BD69 /* Frameworks */ = {
			isa = PBXFrameworksBuildPhase;
			buildActionMask = 2147483647;
			files = (
				64BA5A8D64A1C299EA7E8EA4 /* libPods-SHCategoryExample.a in Frameworks */,
			);
			runOnlyForDeploymentPostprocessing = 0;
		};
		9F438B721FAC1ABF0080BD69 /* Frameworks */ = {
			isa = PBXFrameworksBuildPhase;
			buildActionMask = 2147483647;
			files = (
			);
			runOnlyForDeploymentPostprocessing = 0;
		};
		9F438B7D1FAC1ABF0080BD69 /* Frameworks */ = {
			isa = PBXFrameworksBuildPhase;
			buildActionMask = 2147483647;
			files = (
			);
			runOnlyForDeploymentPostprocessing = 0;
		};
/* End PBXFrameworksBuildPhase section */

/* Begin PBXGroup section */
		5478D8892D9020FF5E88A6E3 /* Pods */ = {
			isa = PBXGroup;
			children = (
				C5E7DEE2C240F479F19BD928 /* Pods-SHCategoryExample.debug.xcconfig */,
				1079A6264159BDD45D112EF2 /* Pods-SHCategoryExample.release.xcconfig */,
			);
			name = Pods;
			sourceTree = "<group>";
		};
		9F0443851FBC0FDA00FEAEBD /* Tool */ = {
			isa = PBXGroup;
			children = (
				F27FFD451FF3481B009E24FD /* FileManager.h */,
				F27FFD461FF3481B009E24FD /* FileManager.m */,
				9F0443861FBC0FFD00FEAEBD /* ToolManager.h */,
				9F0443871FBC0FFE00FEAEBD /* ToolManager.m */,
			);
			path = Tool;
			sourceTree = "<group>";
		};
		9F3C8FC91FB051D600C96F71 /* Base */ = {
			isa = PBXGroup;
			children = (
			);
			path = Base;
			sourceTree = "<group>";
		};
		9F4235031FD7C61400EBA8F0 /* Alert */ = {
			isa = PBXGroup;
			children = (
				9F42350A1FD7C66300EBA8F0 /* AlertView.h */,
				9F42350B1FD7C66300EBA8F0 /* AlertView.m */,
				9F42350D1FD7C7C300EBA8F0 /* UILabel+Space.h */,
				9F42350E1FD7C7C300EBA8F0 /* UILabel+Space.m */,
			);
			path = Alert;
			sourceTree = "<group>";
		};
		9F438B511FAC1ABE0080BD69 = {
			isa = PBXGroup;
			children = (
				9F438B5C1FAC1ABF0080BD69 /* SHCategoryExample */,
				9F438B781FAC1ABF0080BD69 /* SHCategoryExampleTests */,
				9F438B831FAC1ABF0080BD69 /* SHCategoryExampleUITests */,
				9F438B5B1FAC1ABF0080BD69 /* Products */,
				9FAD1ACA1FB04C3200EE1147 /* Frameworks */,
				5478D8892D9020FF5E88A6E3 /* Pods */,
			);
			sourceTree = "<group>";
		};
		9F438B5B1FAC1ABF0080BD69 /* Products */ = {
			isa = PBXGroup;
			children = (
				9F438B5A1FAC1ABF0080BD69 /* SHCategoryExample.app */,
				9F438B751FAC1ABF0080BD69 /* SHCategoryExampleTests.xctest */,
				9F438B801FAC1ABF0080BD69 /* SHCategoryExampleUITests.xctest */,
			);
			name = Products;
			sourceTree = "<group>";
		};
		9F438B5C1FAC1ABF0080BD69 /* SHCategoryExample */ = {
			isa = PBXGroup;
			children = (
				9F438B971FAC1C100080BD69 /* SHCategory */,
				9F438B5D1FAC1ABF0080BD69 /* AppDelegate.h */,
				9F438B5E1FAC1ABF0080BD69 /* AppDelegate.m */,
				9F438B601FAC1ABF0080BD69 /* ViewController.h */,
				9F438B611FAC1ABF0080BD69 /* ViewController.m */,
				9F3C8FCA1FB058A900C96F71 /* PrefixHeader.pch */,
				9F438B631FAC1ABF0080BD69 /* Main.storyboard */,
				9F438B691FAC1ABF0080BD69 /* Assets.xcassets */,
				9F438B6B1FAC1ABF0080BD69 /* LaunchScreen.storyboard */,
				9F438B6E1FAC1ABF0080BD69 /* Info.plist */,
				9F438B6F1FAC1ABF0080BD69 /* main.m */,
				9F438B661FAC1ABF0080BD69 /* SHCategoryExample.xcdatamodeld */,
			);
			path = SHCategoryExample;
			sourceTree = "<group>";
		};
		9F438B781FAC1ABF0080BD69 /* SHCategoryExampleTests */ = {
			isa = PBXGroup;
			children = (
				9F438B791FAC1ABF0080BD69 /* SHCategoryExampleTests.m */,
				9F438B7B1FAC1ABF0080BD69 /* Info.plist */,
			);
			path = SHCategoryExampleTests;
			sourceTree = "<group>";
		};
		9F438B831FAC1ABF0080BD69 /* SHCategoryExampleUITests */ = {
			isa = PBXGroup;
			children = (
				9F438B841FAC1ABF0080BD69 /* SHCategoryExampleUITests.m */,
				9F438B861FAC1ABF0080BD69 /* Info.plist */,
			);
			path = SHCategoryExampleUITests;
			sourceTree = "<group>";
		};
		9F438B971FAC1C100080BD69 /* SHCategory */ = {
			isa = PBXGroup;
			children = (
				9F438B9A1FAC1C100080BD69 /* SHCategory.h */,
				9F438B981FAC1C100080BD69 /* Constant */,
				9F3C8FC91FB051D600C96F71 /* Base */,
				9FAD1A861FB0379300EE1147 /* GeneralCategory */,
				9FAD1A881FB0379300EE1147 /* Extension */,
			);
			name = SHCategory;
			path = ../../SHCategory;
			sourceTree = "<group>";
		};
		9F438B981FAC1C100080BD69 /* Constant */ = {
			isa = PBXGroup;
			children = (
				9FAD1A851FB0345800EE1147 /* AppConstant.h */,
				9F438B991FAC1C100080BD69 /* Log.h */,
				9FAD1ACC1FB04F2800EE1147 /* DataConstant.h */,
			);
			path = Constant;
			sourceTree = "<group>";
		};
		9F59C0CC1FB14C8900CB2E28 /* Network */ = {
			isa = PBXGroup;
			children = (
				9F59C0CD1FB14C8900CB2E28 /* NetworkRequest.h */,
				9F59C0CE1FB14C8900CB2E28 /* NetworkRequest.m */,
			);
			path = Network;
			sourceTree = "<group>";
		};
		9FAD1A861FB0379300EE1147 /* GeneralCategory */ = {
			isa = PBXGroup;
			children = (
				9F4235031FD7C61400EBA8F0 /* Alert */,
				9F59C0CC1FB14C8900CB2E28 /* Network */,
				9FAD1AA41FB041D700EE1147 /* Obj-json */,
				9F0443851FBC0FDA00FEAEBD /* Tool */,
			);
			path = GeneralCategory;
			sourceTree = "<group>";
		};
		9FAD1A881FB0379300EE1147 /* Extension */ = {
			isa = PBXGroup;
			children = (
				F2C03C131FD9443C00611BED /* UIView */,
				F2C03C091FD9428300611BED /* NSString */,
			);
			path = Extension;
			sourceTree = "<group>";
		};
		9FAD1AA41FB041D700EE1147 /* Obj-json */ = {
			isa = PBXGroup;
			children = (
				9FAD1AA51FB041D700EE1147 /* Obj-Json.h */,
				9FAD1AA61FB041D700EE1147 /* Obj-Json.m */,
			);
			path = "Obj-json";
			sourceTree = "<group>";
		};
		9FAD1ACA1FB04C3200EE1147 /* Frameworks */ = {
			isa = PBXGroup;
			children = (
				B3EDB9C1212E5F9BD2FF08F5 /* libPods-SHCategoryExample.a */,
			);
			name = Frameworks;
			sourceTree = "<group>";
		};
		F2C03C091FD9428300611BED /* NSString */ = {
			isa = PBXGroup;
			children = (
				F2C03C0D1FD9429100611BED /* NSString+Base64.h */,
				F2C03C0C1FD9429100611BED /* NSString+Base64.m */,
				F2C03C0B1FD9429000611BED /* NSString+Hash.h */,
				F2C03C0E1FD9429100611BED /* NSString+Hash.m */,
				F2C03C0F1FD9429200611BED /* NSString+Path.h */,
				F2C03C0A1FD9429000611BED /* NSString+Path.m */,
			);
			path = NSString;
			sourceTree = "<group>";
		};
		F2C03C131FD9443C00611BED /* UIView */ = {
			isa = PBXGroup;
			children = (
				F2C03C141FD9443C00611BED /* UIView+Frame.h */,
				F2C03C151FD9443C00611BED /* UIView+Frame.m */,
			);
			path = UIView;
			sourceTree = "<group>";
		};
/* End PBXGroup section */

/* Begin PBXNativeTarget section */
		9F438B591FAC1ABF0080BD69 /* SHCategoryExample */ = {
			isa = PBXNativeTarget;
			buildConfigurationList = 9F438B891FAC1ABF0080BD69 /* Build configuration list for PBXNativeTarget "SHCategoryExample" */;
			buildPhases = (
				0F37F178057C07639B3158C7 /* [CP] Check Pods Manifest.lock */,
				9F438B561FAC1ABF0080BD69 /* Sources */,
				9F438B581FAC1ABF0080BD69 /* Resources */,
				9F438B571FAC1ABF0080BD69 /* Frameworks */,
				32BC5A966B48257578F21F1A /* [CP] Embed Pods Frameworks */,
				55202BBEDE8BAF12C03A0A7F /* [CP] Copy Pods Resources */,
			);
			buildRules = (
			);
			dependencies = (
			);
			name = SHCategoryExample;
			productName = SHCategoryExample;
			productReference = 9F438B5A1FAC1ABF0080BD69 /* SHCategoryExample.app */;
			productType = "com.apple.product-type.application";
		};
		9F438B741FAC1ABF0080BD69 /* SHCategoryExampleTests */ = {
			isa = PBXNativeTarget;
			buildConfigurationList = 9F438B8C1FAC1ABF0080BD69 /* Build configuration list for PBXNativeTarget "SHCategoryExampleTests" */;
			buildPhases = (
				9F438B711FAC1ABF0080BD69 /* Sources */,
				9F438B721FAC1ABF0080BD69 /* Frameworks */,
				9F438B731FAC1ABF0080BD69 /* Resources */,
			);
			buildRules = (
			);
			dependencies = (
				9F438B771FAC1ABF0080BD69 /* PBXTargetDependency */,
			);
			name = SHCategoryExampleTests;
			productName = SHCategoryExampleTests;
			productReference = 9F438B751FAC1ABF0080BD69 /* SHCategoryExampleTests.xctest */;
			productType = "com.apple.product-type.bundle.unit-test";
		};
		9F438B7F1FAC1ABF0080BD69 /* SHCategoryExampleUITests */ = {
			isa = PBXNativeTarget;
			buildConfigurationList = 9F438B8F1FAC1ABF0080BD69 /* Build configuration list for PBXNativeTarget "SHCategoryExampleUITests" */;
			buildPhases = (
				9F438B7C1FAC1ABF0080BD69 /* Sources */,
				9F438B7D1FAC1ABF0080BD69 /* Frameworks */,
				9F438B7E1FAC1ABF0080BD69 /* Resources */,
			);
			buildRules = (
			);
			dependencies = (
				9F438B821FAC1ABF0080BD69 /* PBXTargetDependency */,
			);
			name = SHCategoryExampleUITests;
			productName = SHCategoryExampleUITests;
			productReference = 9F438B801FAC1ABF0080BD69 /* SHCategoryExampleUITests.xctest */;
			productType = "com.apple.product-type.bundle.ui-testing";
		};
/* End PBXNativeTarget section */

/* Begin PBXProject section */
		9F438B521FAC1ABE0080BD69 /* Project object */ = {
			isa = PBXProject;
			attributes = {
				LastUpgradeCheck = 0900;
				ORGANIZATIONNAME = Motian;
				TargetAttributes = {
					9F438B591FAC1ABF0080BD69 = {
						CreatedOnToolsVersion = 9.0;
						ProvisioningStyle = Automatic;
					};
					9F438B741FAC1ABF0080BD69 = {
						CreatedOnToolsVersion = 9.0;
						ProvisioningStyle = Automatic;
						TestTargetID = 9F438B591FAC1ABF0080BD69;
					};
					9F438B7F1FAC1ABF0080BD69 = {
						CreatedOnToolsVersion = 9.0;
						ProvisioningStyle = Automatic;
						TestTargetID = 9F438B591FAC1ABF0080BD69;
					};
				};
			};
			buildConfigurationList = 9F438B551FAC1ABE0080BD69 /* Build configuration list for PBXProject "SHCategoryExample" */;
			compatibilityVersion = "Xcode 8.0";
			developmentRegion = en;
			hasScannedForEncodings = 0;
			knownRegions = (
				en,
				Base,
			);
			mainGroup = 9F438B511FAC1ABE0080BD69;
			productRefGroup = 9F438B5B1FAC1ABF0080BD69 /* Products */;
			projectDirPath = "";
			projectRoot = "";
			targets = (
				9F438B591FAC1ABF0080BD69 /* SHCategoryExample */,
				9F438B741FAC1ABF0080BD69 /* SHCategoryExampleTests */,
				9F438B7F1FAC1ABF0080BD69 /* SHCategoryExampleUITests */,
			);
		};
/* End PBXProject section */

/* Begin PBXResourcesBuildPhase section */
		9F438B581FAC1ABF0080BD69 /* Resources */ = {
			isa = PBXResourcesBuildPhase;
			buildActionMask = 2147483647;
			files = (
				9F438B6D1FAC1ABF0080BD69 /* LaunchScreen.storyboard in Resources */,
				9F438B6A1FAC1ABF0080BD69 /* Assets.xcassets in Resources */,
				9F438B651FAC1ABF0080BD69 /* Main.storyboard in Resources */,
			);
			runOnlyForDeploymentPostprocessing = 0;
		};
		9F438B731FAC1ABF0080BD69 /* Resources */ = {
			isa = PBXResourcesBuildPhase;
			buildActionMask = 2147483647;
			files = (
			);
			runOnlyForDeploymentPostprocessing = 0;
		};
		9F438B7E1FAC1ABF0080BD69 /* Resources */ = {
			isa = PBXResourcesBuildPhase;
			buildActionMask = 2147483647;
			files = (
			);
			runOnlyForDeploymentPostprocessing = 0;
		};
/* End PBXResourcesBuildPhase section */

/* Begin PBXShellScriptBuildPhase section */
		0F37F178057C07639B3158C7 /* [CP] Check Pods Manifest.lock */ = {
			isa = PBXShellScriptBuildPhase;
			buildActionMask = 2147483647;
			files = (
			);
			inputPaths = (
			);
			name = "[CP] Check Pods Manifest.lock";
			outputPaths = (
			);
			runOnlyForDeploymentPostprocessing = 0;
			shellPath = /bin/sh;
			shellScript = "diff \"${PODS_ROOT}/../Podfile.lock\" \"${PODS_ROOT}/Manifest.lock\" > /dev/null\nif [ $? != 0 ] ; then\n    # print error to STDERR\n    echo \"error: The sandbox is not in sync with the Podfile.lock. Run 'pod install' or update your CocoaPods installation.\" >&2\n    exit 1\nfi\n";
			showEnvVarsInLog = 0;
		};
		32BC5A966B48257578F21F1A /* [CP] Embed Pods Frameworks */ = {
			isa = PBXShellScriptBuildPhase;
			buildActionMask = 2147483647;
			files = (
			);
			inputPaths = (
			);
			name = "[CP] Embed Pods Frameworks";
			outputPaths = (
			);
			runOnlyForDeploymentPostprocessing = 0;
			shellPath = /bin/sh;
			shellScript = "\"${SRCROOT}/Pods/Target Support Files/Pods-SHCategoryExample/Pods-SHCategoryExample-frameworks.sh\"\n";
			showEnvVarsInLog = 0;
		};
		55202BBEDE8BAF12C03A0A7F /* [CP] Copy Pods Resources */ = {
			isa = PBXShellScriptBuildPhase;
			buildActionMask = 2147483647;
			files = (
			);
			inputPaths = (
			);
			name = "[CP] Copy Pods Resources";
			outputPaths = (
			);
			runOnlyForDeploymentPostprocessing = 0;
			shellPath = /bin/sh;
			shellScript = "\"${SRCROOT}/Pods/Target Support Files/Pods-SHCategoryExample/Pods-SHCategoryExample-resources.sh\"\n";
			showEnvVarsInLog = 0;
		};
/* End PBXShellScriptBuildPhase section */

/* Begin PBXSourcesBuildPhase section */
		9F438B561FAC1ABF0080BD69 /* Sources */ = {
			isa = PBXSourcesBuildPhase;
			buildActionMask = 2147483647;
			files = (
				F2C03C161FD9443C00611BED /* UIView+Frame.m in Sources */,
				F2C03C121FD9429200611BED /* NSString+Hash.m in Sources */,
				9F59C0CF1FB165D200CB2E28 /* NetworkRequest.m in Sources */,
				F2C03C111FD9429200611BED /* NSString+Base64.m in Sources */,
				9FAD1AB01FB0490D00EE1147 /* Obj-Json.m in Sources */,
				9F438B621FAC1ABF0080BD69 /* ViewController.m in Sources */,
				9F438B681FAC1ABF0080BD69 /* SHCategoryExample.xcdatamodeld in Sources */,
				F27FFD471FF3481C009E24FD /* FileManager.m in Sources */,
				9F42350F1FD7C7C300EBA8F0 /* UILabel+Space.m in Sources */,
				9F42350C1FD7C66300EBA8F0 /* AlertView.m in Sources */,
				9F438B701FAC1ABF0080BD69 /* main.m in Sources */,
				9F438B5F1FAC1ABF0080BD69 /* AppDelegate.m in Sources */,
				F2C03C101FD9429200611BED /* NSString+Path.m in Sources */,
			);
			runOnlyForDeploymentPostprocessing = 0;
		};
		9F438B711FAC1ABF0080BD69 /* Sources */ = {
			isa = PBXSourcesBuildPhase;
			buildActionMask = 2147483647;
			files = (
				9F438B7A1FAC1ABF0080BD69 /* SHCategoryExampleTests.m in Sources */,
			);
			runOnlyForDeploymentPostprocessing = 0;
		};
		9F438B7C1FAC1ABF0080BD69 /* Sources */ = {
			isa = PBXSourcesBuildPhase;
			buildActionMask = 2147483647;
			files = (
				9F438B851FAC1ABF0080BD69 /* SHCategoryExampleUITests.m in Sources */,
			);
			runOnlyForDeploymentPostprocessing = 0;
		};
/* End PBXSourcesBuildPhase section */

/* Begin PBXTargetDependency section */
		9F438B771FAC1ABF0080BD69 /* PBXTargetDependency */ = {
			isa = PBXTargetDependency;
			target = 9F438B591FAC1ABF0080BD69 /* SHCategoryExample */;
			targetProxy = 9F438B761FAC1ABF0080BD69 /* PBXContainerItemProxy */;
		};
		9F438B821FAC1ABF0080BD69 /* PBXTargetDependency */ = {
			isa = PBXTargetDependency;
			target = 9F438B591FAC1ABF0080BD69 /* SHCategoryExample */;
			targetProxy = 9F438B811FAC1ABF0080BD69 /* PBXContainerItemProxy */;
		};
/* End PBXTargetDependency section */

/* Begin PBXVariantGroup section */
		9F438B631FAC1ABF0080BD69 /* Main.storyboard */ = {
			isa = PBXVariantGroup;
			children = (
				9F438B641FAC1ABF0080BD69 /* Base */,
			);
			name = Main.storyboard;
			sourceTree = "<group>";
		};
		9F438B6B1FAC1ABF0080BD69 /* LaunchScreen.storyboard */ = {
			isa = PBXVariantGroup;
			children = (
				9F438B6C1FAC1ABF0080BD69 /* Base */,
			);
			name = LaunchScreen.storyboard;
			sourceTree = "<group>";
		};
/* End PBXVariantGroup section */

/* Begin XCBuildConfiguration section */
		9F438B871FAC1ABF0080BD69 /* Debug */ = {
			isa = XCBuildConfiguration;
			buildSettings = {
				ALWAYS_SEARCH_USER_PATHS = NO;
				CLANG_ANALYZER_NONNULL = YES;
				CLANG_ANALYZER_NUMBER_OBJECT_CONVERSION = YES_AGGRESSIVE;
				CLANG_CXX_LANGUAGE_STANDARD = "gnu++14";
				CLANG_CXX_LIBRARY = "libc++";
				CLANG_ENABLE_MODULES = YES;
				CLANG_ENABLE_OBJC_ARC = YES;
				CLANG_WARN_BLOCK_CAPTURE_AUTORELEASING = YES;
				CLANG_WARN_BOOL_CONVERSION = YES;
				CLANG_WARN_COMMA = YES;
				CLANG_WARN_CONSTANT_CONVERSION = YES;
				CLANG_WARN_DIRECT_OBJC_ISA_USAGE = YES_ERROR;
				CLANG_WARN_DOCUMENTATION_COMMENTS = YES;
				CLANG_WARN_EMPTY_BODY = YES;
				CLANG_WARN_ENUM_CONVERSION = YES;
				CLANG_WARN_INFINITE_RECURSION = YES;
				CLANG_WARN_INT_CONVERSION = YES;
				CLANG_WARN_NON_LITERAL_NULL_CONVERSION = YES;
				CLANG_WARN_OBJC_LITERAL_CONVERSION = YES;
				CLANG_WARN_OBJC_ROOT_CLASS = YES_ERROR;
				CLANG_WARN_RANGE_LOOP_ANALYSIS = YES;
				CLANG_WARN_STRICT_PROTOTYPES = YES;
				CLANG_WARN_SUSPICIOUS_MOVE = YES;
				CLANG_WARN_UNGUARDED_AVAILABILITY = YES_AGGRESSIVE;
				CLANG_WARN_UNREACHABLE_CODE = YES;
				CLANG_WARN__DUPLICATE_METHOD_MATCH = YES;
				CODE_SIGN_IDENTITY = "iPhone Developer";
				COPY_PHASE_STRIP = NO;
				DEBUG_INFORMATION_FORMAT = dwarf;
				ENABLE_STRICT_OBJC_MSGSEND = YES;
				ENABLE_TESTABILITY = YES;
				GCC_C_LANGUAGE_STANDARD = gnu11;
				GCC_DYNAMIC_NO_PIC = NO;
				GCC_NO_COMMON_BLOCKS = YES;
				GCC_OPTIMIZATION_LEVEL = 0;
				GCC_PREPROCESSOR_DEFINITIONS = (
					"DEBUG=1",
					"$(inherited)",
				);
				GCC_WARN_64_TO_32_BIT_CONVERSION = YES;
				GCC_WARN_ABOUT_RETURN_TYPE = YES_ERROR;
				GCC_WARN_UNDECLARED_SELECTOR = YES;
				GCC_WARN_UNINITIALIZED_AUTOS = YES_AGGRESSIVE;
				GCC_WARN_UNUSED_FUNCTION = YES;
				GCC_WARN_UNUSED_VARIABLE = YES;
				IPHONEOS_DEPLOYMENT_TARGET = 11.0;
				MTL_ENABLE_DEBUG_INFO = YES;
				ONLY_ACTIVE_ARCH = YES;
				SDKROOT = iphoneos;
			};
			name = Debug;
		};
		9F438B881FAC1ABF0080BD69 /* Release */ = {
			isa = XCBuildConfiguration;
			buildSettings = {
				ALWAYS_SEARCH_USER_PATHS = NO;
				CLANG_ANALYZER_NONNULL = YES;
				CLANG_ANALYZER_NUMBER_OBJECT_CONVERSION = YES_AGGRESSIVE;
				CLANG_CXX_LANGUAGE_STANDARD = "gnu++14";
				CLANG_CXX_LIBRARY = "libc++";
				CLANG_ENABLE_MODULES = YES;
				CLANG_ENABLE_OBJC_ARC = YES;
				CLANG_WARN_BLOCK_CAPTURE_AUTORELEASING = YES;
				CLANG_WARN_BOOL_CONVERSION = YES;
				CLANG_WARN_COMMA = YES;
				CLANG_WARN_CONSTANT_CONVERSION = YES;
				CLANG_WARN_DIRECT_OBJC_ISA_USAGE = YES_ERROR;
				CLANG_WARN_DOCUMENTATION_COMMENTS = YES;
				CLANG_WARN_EMPTY_BODY = YES;
				CLANG_WARN_ENUM_CONVERSION = YES;
				CLANG_WARN_INFINITE_RECURSION = YES;
				CLANG_WARN_INT_CONVERSION = YES;
				CLANG_WARN_NON_LITERAL_NULL_CONVERSION = YES;
				CLANG_WARN_OBJC_LITERAL_CONVERSION = YES;
				CLANG_WARN_OBJC_ROOT_CLASS = YES_ERROR;
				CLANG_WARN_RANGE_LOOP_ANALYSIS = YES;
				CLANG_WARN_STRICT_PROTOTYPES = YES;
				CLANG_WARN_SUSPICIOUS_MOVE = YES;
				CLANG_WARN_UNGUARDED_AVAILABILITY = YES_AGGRESSIVE;
				CLANG_WARN_UNREACHABLE_CODE = YES;
				CLANG_WARN__DUPLICATE_METHOD_MATCH = YES;
				CODE_SIGN_IDENTITY = "iPhone Developer";
				COPY_PHASE_STRIP = NO;
				DEBUG_INFORMATION_FORMAT = "dwarf-with-dsym";
				ENABLE_NS_ASSERTIONS = NO;
				ENABLE_STRICT_OBJC_MSGSEND = YES;
				GCC_C_LANGUAGE_STANDARD = gnu11;
				GCC_NO_COMMON_BLOCKS = YES;
				GCC_WARN_64_TO_32_BIT_CONVERSION = YES;
				GCC_WARN_ABOUT_RETURN_TYPE = YES_ERROR;
				GCC_WARN_UNDECLARED_SELECTOR = YES;
				GCC_WARN_UNINITIALIZED_AUTOS = YES_AGGRESSIVE;
				GCC_WARN_UNUSED_FUNCTION = YES;
				GCC_WARN_UNUSED_VARIABLE = YES;
				IPHONEOS_DEPLOYMENT_TARGET = 11.0;
				MTL_ENABLE_DEBUG_INFO = NO;
				SDKROOT = iphoneos;
				VALIDATE_PRODUCT = YES;
			};
			name = Release;
		};
		9F438B8A1FAC1ABF0080BD69 /* Debug */ = {
			isa = XCBuildConfiguration;
			baseConfigurationReference = C5E7DEE2C240F479F19BD928 /* Pods-SHCategoryExample.debug.xcconfig */;
			buildSettings = {
				ASSETCATALOG_COMPILER_APPICON_NAME = AppIcon;
				CODE_SIGN_STYLE = Automatic;
				DEVELOPMENT_TEAM = YH4S42NR53;
				GCC_PREFIX_HEADER = "$(SRCROOT)/SHCategoryExample/PrefixHeader.pch";
				INFOPLIST_FILE = SHCategoryExample/Info.plist;
				LD_RUNPATH_SEARCH_PATHS = "$(inherited) @executable_path/Frameworks";
				PRODUCT_BUNDLE_IDENTIFIER = Motian.SHCategoryExample;
				PRODUCT_NAME = "$(TARGET_NAME)";
				TARGETED_DEVICE_FAMILY = "1,2";
			};
			name = Debug;
		};
		9F438B8B1FAC1ABF0080BD69 /* Release */ = {
			isa = XCBuildConfiguration;
			baseConfigurationReference = 1079A6264159BDD45D112EF2 /* Pods-SHCategoryExample.release.xcconfig */;
			buildSettings = {
				ASSETCATALOG_COMPILER_APPICON_NAME = AppIcon;
				CODE_SIGN_STYLE = Automatic;
				DEVELOPMENT_TEAM = YH4S42NR53;
				GCC_PREFIX_HEADER = "$(SRCROOT)/SHCategoryExample/PrefixHeader.pch";
				INFOPLIST_FILE = SHCategoryExample/Info.plist;
				LD_RUNPATH_SEARCH_PATHS = "$(inherited) @executable_path/Frameworks";
				PRODUCT_BUNDLE_IDENTIFIER = Motian.SHCategoryExample;
				PRODUCT_NAME = "$(TARGET_NAME)";
				TARGETED_DEVICE_FAMILY = "1,2";
			};
			name = Release;
		};
		9F438B8D1FAC1ABF0080BD69 /* Debug */ = {
			isa = XCBuildConfiguration;
			buildSettings = {
				BUNDLE_LOADER = "$(TEST_HOST)";
				CODE_SIGN_STYLE = Automatic;
				DEVELOPMENT_TEAM = YH4S42NR53;
				INFOPLIST_FILE = SHCategoryExampleTests/Info.plist;
				LD_RUNPATH_SEARCH_PATHS = "$(inherited) @executable_path/Frameworks @loader_path/Frameworks";
				PRODUCT_BUNDLE_IDENTIFIER = Motian.SHCategoryExampleTests;
				PRODUCT_NAME = "$(TARGET_NAME)";
				TARGETED_DEVICE_FAMILY = "1,2";
				TEST_HOST = "$(BUILT_PRODUCTS_DIR)/SHCategoryExample.app/SHCategoryExample";
			};
			name = Debug;
		};
		9F438B8E1FAC1ABF0080BD69 /* Release */ = {
			isa = XCBuildConfiguration;
			buildSettings = {
				BUNDLE_LOADER = "$(TEST_HOST)";
				CODE_SIGN_STYLE = Automatic;
				DEVELOPMENT_TEAM = YH4S42NR53;
				INFOPLIST_FILE = SHCategoryExampleTests/Info.plist;
				LD_RUNPATH_SEARCH_PATHS = "$(inherited) @executable_path/Frameworks @loader_path/Frameworks";
				PRODUCT_BUNDLE_IDENTIFIER = Motian.SHCategoryExampleTests;
				PRODUCT_NAME = "$(TARGET_NAME)";
				TARGETED_DEVICE_FAMILY = "1,2";
				TEST_HOST = "$(BUILT_PRODUCTS_DIR)/SHCategoryExample.app/SHCategoryExample";
			};
			name = Release;
		};
		9F438B901FAC1ABF0080BD69 /* Debug */ = {
			isa = XCBuildConfiguration;
			buildSettings = {
				CODE_SIGN_STYLE = Automatic;
				DEVELOPMENT_TEAM = YH4S42NR53;
				INFOPLIST_FILE = SHCategoryExampleUITests/Info.plist;
				LD_RUNPATH_SEARCH_PATHS = "$(inherited) @executable_path/Frameworks @loader_path/Frameworks";
				PRODUCT_BUNDLE_IDENTIFIER = Motian.SHCategoryExampleUITests;
				PRODUCT_NAME = "$(TARGET_NAME)";
				TARGETED_DEVICE_FAMILY = "1,2";
				TEST_TARGET_NAME = SHCategoryExample;
			};
			name = Debug;
		};
		9F438B911FAC1ABF0080BD69 /* Release */ = {
			isa = XCBuildConfiguration;
			buildSettings = {
				CODE_SIGN_STYLE = Automatic;
				DEVELOPMENT_TEAM = YH4S42NR53;
				INFOPLIST_FILE = SHCategoryExampleUITests/Info.plist;
				LD_RUNPATH_SEARCH_PATHS = "$(inherited) @executable_path/Frameworks @loader_path/Frameworks";
				PRODUCT_BUNDLE_IDENTIFIER = Motian.SHCategoryExampleUITests;
				PRODUCT_NAME = "$(TARGET_NAME)";
				TARGETED_DEVICE_FAMILY = "1,2";
				TEST_TARGET_NAME = SHCategoryExample;
			};
			name = Release;
		};
/* End XCBuildConfiguration section */

/* Begin XCConfigurationList section */
		9F438B551FAC1ABE0080BD69 /* Build configuration list for PBXProject "SHCategoryExample" */ = {
			isa = XCConfigurationList;
			buildConfigurations = (
				9F438B871FAC1ABF0080BD69 /* Debug */,
				9F438B881FAC1ABF0080BD69 /* Release */,
			);
			defaultConfigurationIsVisible = 0;
			defaultConfigurationName = Release;
		};
		9F438B891FAC1ABF0080BD69 /* Build configuration list for PBXNativeTarget "SHCategoryExample" */ = {
			isa = XCConfigurationList;
			buildConfigurations = (
				9F438B8A1FAC1ABF0080BD69 /* Debug */,
				9F438B8B1FAC1ABF0080BD69 /* Release */,
			);
			defaultConfigurationIsVisible = 0;
			defaultConfigurationName = Release;
		};
		9F438B8C1FAC1ABF0080BD69 /* Build configuration list for PBXNativeTarget "SHCategoryExampleTests" */ = {
			isa = XCConfigurationList;
			buildConfigurations = (
				9F438B8D1FAC1ABF0080BD69 /* Debug */,
				9F438B8E1FAC1ABF0080BD69 /* Release */,
			);
			defaultConfigurationIsVisible = 0;
			defaultConfigurationName = Release;
		};
		9F438B8F1FAC1ABF0080BD69 /* Build configuration list for PBXNativeTarget "SHCategoryExampleUITests" */ = {
			isa = XCConfigurationList;
			buildConfigurations = (
				9F438B901FAC1ABF0080BD69 /* Debug */,
				9F438B911FAC1ABF0080BD69 /* Release */,
			);
			defaultConfigurationIsVisible = 0;
			defaultConfigurationName = Release;
		};
/* End XCConfigurationList section */

/* Begin XCVersionGroup section */
		9F438B661FAC1ABF0080BD69 /* SHCategoryExample.xcdatamodeld */ = {
			isa = XCVersionGroup;
			children = (
				9F438B671FAC1ABF0080BD69 /* SHCategoryExample.xcdatamodel */,
			);
			currentVersion = 9F438B671FAC1ABF0080BD69 /* SHCategoryExample.xcdatamodel */;
			path = SHCategoryExample.xcdatamodeld;
			sourceTree = "<group>";
			versionGroupType = wrapper.xcdatamodel;
		};
/* End XCVersionGroup section */
	};
	rootObject = 9F438B521FAC1ABE0080BD69 /* Project object */;
}
